{
  "pins" : [
    {
      "identity" : "swiftkeychainwrapper",
      "kind" : "remoteSourceControl",
      "location" : "https://github.com/jrendel/SwiftKeychainWrapper",
      "state" : {
        "revision" : "185a3165346a03767101c4f62e9a545a0fe0530f",
        "version" : "4.0.1"
      }
    },
    {
      "identity" : "swiftrant",
      "kind" : "remoteSourceControl",
      "location" : "https://github.com/OmerFlame/SwiftRant",
      "state" : {
        "revision" : "fbdc3bc2cb5ad2bb713b4fa04c82295a8f704f38",
        "version" : "0.12.0"
      }
    }
  ],
  "version" : 2
}
