// !$*UTF8*$!
{
	archiveVersion = 1;
	classes = {
	};
	objectVersion = 56;
	objects = {

/* Begin PBXBuildFile section */
		0C4858762D11A371007D688D /* Networking.swift in Sources */ = {isa = PBXBuildFile; fileRef = 0C4858752D11A36A007D688D /* Networking.swift */; };
		0C9030592D11A075009BCBC5 /* SwiftDevRant in Frameworks */ = {isa = PBXBuildFile; productRef = 0C9030582D11A075009BCBC5 /* SwiftDevRant */; };
		0CED7FE32D19BA0A000B95A2 /* SwiftKeychainWrapper in Frameworks */ = {isa = PBXBuildFile; productRef = 0CED7FE22D19BA0A000B95A2 /* SwiftKeychainWrapper */; };
		0CED7FE62D19BAA2000B95A2 /* SwiftDevRant in Frameworks */ = {isa = PBXBuildFile; productRef = 0CED7FE52D19BAA2000B95A2 /* SwiftDevRant */; };
		ED00E50B28DCC642000A01DC /* RantViewModel.swift in Sources */ = {isa = PBXBuildFile; fileRef = ED00E50A28DCC642000A01DC /* RantViewModel.swift */; };
		ED00E50D28DDB4E6000A01DC /* BroadcastEvent.swift in Sources */ = {isa = PBXBuildFile; fileRef = ED00E50C28DDB4E6000A01DC /* BroadcastEvent.swift */; };
		ED0FB7E928FF34D000E5163D /* WritePostView.swift in Sources */ = {isa = PBXBuildFile; fileRef = ED0FB7E828FF34D000E5163D /* WritePostView.swift */; };
		ED0FB7EB28FF350500E5163D /* WritePostViewModel.swift in Sources */ = {isa = PBXBuildFile; fileRef = ED0FB7EA28FF350500E5163D /* WritePostViewModel.swift */; };
		ED0FB7ED2901ADA900E5163D /* LoginStore.swift in Sources */ = {isa = PBXBuildFile; fileRef = ED0FB7EC2901ADA900E5163D /* LoginStore.swift */; };
		ED14DE5928E07A2F005FCC9A /* RantCommentViewModel.swift in Sources */ = {isa = PBXBuildFile; fileRef = ED14DE5828E07A2F005FCC9A /* RantCommentViewModel.swift */; };
		ED14DE5B28E08016005FCC9A /* UserAvatarView.swift in Sources */ = {isa = PBXBuildFile; fileRef = ED14DE5A28E08016005FCC9A /* UserAvatarView.swift */; };
		ED14DE5E28E08EBF005FCC9A /* CachedAsyncImage in Frameworks */ = {isa = PBXBuildFile; productRef = ED14DE5D28E08EBF005FCC9A /* CachedAsyncImage */; };
		ED14DE6028E090E7005FCC9A /* URLCache_Extension.swift in Sources */ = {isa = PBXBuildFile; fileRef = ED14DE5F28E090E7005FCC9A /* URLCache_Extension.swift */; };
		ED14DE6428E36241005FCC9A /* TimeFormatter.swift in Sources */ = {isa = PBXBuildFile; fileRef = ED14DE6328E36241005FCC9A /* TimeFormatter.swift */; };
		ED1B307728CCE1E4001A6A73 /* PostedImage.swift in Sources */ = {isa = PBXBuildFile; fileRef = ED1B307628CCE1E3001A6A73 /* PostedImage.swift */; };
		ED1B307928CCE921001A6A73 /* UserPanel.swift in Sources */ = {isa = PBXBuildFile; fileRef = ED1B307828CCE921001A6A73 /* UserPanel.swift */; };
		ED1B307B28CE0451001A6A73 /* View+Preview.swift in Sources */ = {isa = PBXBuildFile; fileRef = ED1B307A28CE0451001A6A73 /* View+Preview.swift */; };
		ED29859028BCD9AF0065D0E3 /* InternalView.swift in Sources */ = {isa = PBXBuildFile; fileRef = ED29858F28BCD9AF0065D0E3 /* InternalView.swift */; };
		ED2C9B6628B679CB008BF314 /* SwiftUIRantApp.swift in Sources */ = {isa = PBXBuildFile; fileRef = ED2C9B6528B679CB008BF314 /* SwiftUIRantApp.swift */; };
		ED2C9B6828B679CB008BF314 /* ContentView.swift in Sources */ = {isa = PBXBuildFile; fileRef = ED2C9B6728B679CB008BF314 /* ContentView.swift */; };
		ED2C9B6A28B679D0008BF314 /* Assets.xcassets in Resources */ = {isa = PBXBuildFile; fileRef = ED2C9B6928B679D0008BF314 /* Assets.xcassets */; };
		ED2C9B6E28B679D0008BF314 /* Preview Assets.xcassets in Resources */ = {isa = PBXBuildFile; fileRef = ED2C9B6D28B679D0008BF314 /* Preview Assets.xcassets */; };
		ED2C9B7B28B67C53008BF314 /* LoginView.swift in Sources */ = {isa = PBXBuildFile; fileRef = ED2C9B7A28B67C52008BF314 /* LoginView.swift */; };
		ED2C9B7D28B67CFF008BF314 /* LoginViewModel.swift in Sources */ = {isa = PBXBuildFile; fileRef = ED2C9B7C28B67CFF008BF314 /* LoginViewModel.swift */; };
		ED2C9B7F28B69892008BF314 /* Logging.swift in Sources */ = {isa = PBXBuildFile; fileRef = ED2C9B7E28B69892008BF314 /* Logging.swift */; };
		ED2F3C3F29E0076500A48877 /* CommunityProjectRowView.swift in Sources */ = {isa = PBXBuildFile; fileRef = ED2F3C3E29E0076500A48877 /* CommunityProjectRowView.swift */; };
		ED2F3C4229E0148100A48877 /* ArrayBuilderModule in Frameworks */ = {isa = PBXBuildFile; productRef = ED2F3C4129E0148100A48877 /* ArrayBuilderModule */; };
		ED33C2372903F31100A59A11 /* Models+IdTypes.swift in Sources */ = {isa = PBXBuildFile; fileRef = ED33C2362903F31100A59A11 /* Models+IdTypes.swift */; };
		ED33C23929040E3300A59A11 /* Models+TimeToModify.swift in Sources */ = {isa = PBXBuildFile; fileRef = ED33C23829040E3300A59A11 /* Models+TimeToModify.swift */; };
		ED33C23F2904178B00A59A11 /* SwiftUIRantError.swift in Sources */ = {isa = PBXBuildFile; fileRef = ED33C23E2904178B00A59A11 /* SwiftUIRantError.swift */; };
		ED398CA528FC57250012142B /* LoadingButton.swift in Sources */ = {isa = PBXBuildFile; fileRef = ED398CA428FC57250012142B /* LoadingButton.swift */; };
		ED398CA728FC59650012142B /* RefreshButton.swift in Sources */ = {isa = PBXBuildFile; fileRef = ED398CA628FC59650012142B /* RefreshButton.swift */; };
		ED427DDA291AE07500C3B30A /* Algorithms in Frameworks */ = {isa = PBXBuildFile; productRef = ED427DD9291AE07500C3B30A /* Algorithms */; };
		ED59CEC428BCE0860007B698 /* AppState.swift in Sources */ = {isa = PBXBuildFile; fileRef = ED59CEC328BCE0860007B698 /* AppState.swift */; };
		ED59CEC728BCF6110007B698 /* AlertMessage.swift in Sources */ = {isa = PBXBuildFile; fileRef = ED59CEC628BCF6110007B698 /* AlertMessage.swift */; };
		ED59CECA28BD05D00007B698 /* FeedView.swift in Sources */ = {isa = PBXBuildFile; fileRef = ED59CEC928BD05D00007B698 /* FeedView.swift */; };
		ED59CECC28BD05E80007B698 /* FeedViewModel.swift in Sources */ = {isa = PBXBuildFile; fileRef = ED59CECB28BD05E80007B698 /* FeedViewModel.swift */; };
		ED59CED128BD0B110007B698 /* FeedRantView.swift in Sources */ = {isa = PBXBuildFile; fileRef = ED59CED028BD0B110007B698 /* FeedRantView.swift */; };
		ED59CED328BD0EC60007B698 /* DataStore.swift in Sources */ = {isa = PBXBuildFile; fileRef = ED59CED228BD0EC60007B698 /* DataStore.swift */; };
		ED59CED528BD103C0007B698 /* DataLoader.swift in Sources */ = {isa = PBXBuildFile; fileRef = ED59CED428BD103C0007B698 /* DataLoader.swift */; };
		ED59CED728BE71800007B698 /* VoteControl.swift in Sources */ = {isa = PBXBuildFile; fileRef = ED59CED628BE71800007B698 /* VoteControl.swift */; };
		ED59CED928C7861E0007B698 /* UserSettings.swift in Sources */ = {isa = PBXBuildFile; fileRef = ED59CED828C7861E0007B698 /* UserSettings.swift */; };
		ED59CEDC28C788010007B698 /* KeyPathModifiedCopyable.swift in Sources */ = {isa = PBXBuildFile; fileRef = ED59CEDB28C788010007B698 /* KeyPathModifiedCopyable.swift */; };
		ED59CEDF28C789B30007B698 /* Color.swift in Sources */ = {isa = PBXBuildFile; fileRef = ED59CEDE28C789B30007B698 /* Color.swift */; };
		ED59CEE128C78A8E0007B698 /* Text+FontExtensions.swift in Sources */ = {isa = PBXBuildFile; fileRef = ED59CEE028C78A8E0007B698 /* Text+FontExtensions.swift */; };
		ED59CEE328C78EAF0007B698 /* View+Fill.swift in Sources */ = {isa = PBXBuildFile; fileRef = ED59CEE228C78EAF0007B698 /* View+Fill.swift */; };
		ED59CEE528C78FC60007B698 /* View+NotificationCenter.swift in Sources */ = {isa = PBXBuildFile; fileRef = ED59CEE428C78FC60007B698 /* View+NotificationCenter.swift */; };
		ED59CEE828CB74180007B698 /* MockedModels.swift in Sources */ = {isa = PBXBuildFile; fileRef = ED59CEE728CB74180007B698 /* MockedModels.swift */; };
		ED62E10F29DFF6C300E3C93D /* CommunityProjectsView.swift in Sources */ = {isa = PBXBuildFile; fileRef = ED62E10E29DFF6C300E3C93D /* CommunityProjectsView.swift */; };
		ED62E11129DFF85F00E3C93D /* CommunityProjectsViewModel.swift in Sources */ = {isa = PBXBuildFile; fileRef = ED62E11029DFF85F00E3C93D /* CommunityProjectsViewModel.swift */; };
		ED74D50B2921117800088CE6 /* SegmentedPicker.swift in Sources */ = {isa = PBXBuildFile; fileRef = ED74D50A2921117800088CE6 /* SegmentedPicker.swift */; };
		ED74D50D292542F700088CE6 /* ColorToHex.swift in Sources */ = {isa = PBXBuildFile; fileRef = ED74D50C292542F700088CE6 /* ColorToHex.swift */; };
		ED74D5122928FD6D00088CE6 /* ProfileView.swift in Sources */ = {isa = PBXBuildFile; fileRef = ED74D5112928FD6D00088CE6 /* ProfileView.swift */; };
		ED74D5142928FDD300088CE6 /* ProfileViewModel.swift in Sources */ = {isa = PBXBuildFile; fileRef = ED74D5132928FDD300088CE6 /* ProfileViewModel.swift */; };
		ED74D5162929291000088CE6 /* URLHandler.swift in Sources */ = {isa = PBXBuildFile; fileRef = ED74D5152929291000088CE6 /* URLHandler.swift */; };
		ED7FCCB229DFFEFE007D8675 /* CommunityProject.swift in Sources */ = {isa = PBXBuildFile; fileRef = ED7FCCB129DFFEFE007D8675 /* CommunityProject.swift */; };
		ED91BF1B291589E000B400C4 /* LinksInPostedContent.swift in Sources */ = {isa = PBXBuildFile; fileRef = ED91BF1A291589E000B400C4 /* LinksInPostedContent.swift */; };
		ED97D62528E86F5200CFC418 /* CreationTimeView.swift in Sources */ = {isa = PBXBuildFile; fileRef = ED97D62428E86F5200CFC418 /* CreationTimeView.swift */; };
		ED97D62728E9C98900CFC418 /* RantExtensions.swift in Sources */ = {isa = PBXBuildFile; fileRef = ED97D62628E9C98900CFC418 /* RantExtensions.swift */; };
		ED97D62928E9C9E200CFC418 /* CommentExtensions.swift in Sources */ = {isa = PBXBuildFile; fileRef = ED97D62828E9C9E200CFC418 /* CommentExtensions.swift */; };
		ED97D62C28E9CC4B00CFC418 /* HexUIColor in Frameworks */ = {isa = PBXBuildFile; platformFilter = ios; productRef = ED97D62B28E9CC4B00CFC418 /* HexUIColor */; };
		ED97D62E28EAF46600CFC418 /* Color+Hex.swift in Sources */ = {isa = PBXBuildFile; fileRef = ED97D62D28EAF46600CFC418 /* Color+Hex.swift */; };
		ED97D63128EB22C100CFC418 /* HexNSColor in Frameworks */ = {isa = PBXBuildFile; platformFilters = (macos, ); productRef = ED97D63028EB22C100CFC418 /* HexNSColor */; };
		ED97D63428F1D4C700CFC418 /* SettingsView.swift in Sources */ = {isa = PBXBuildFile; fileRef = ED97D63328F1D4C700CFC418 /* SettingsView.swift */; };
		ED97D63728F3035C00CFC418 /* NotificationsView.swift in Sources */ = {isa = PBXBuildFile; fileRef = ED97D63628F3035C00CFC418 /* NotificationsView.swift */; };
		ED97D63928F44EA800CFC418 /* NotificationsViewModel.swift in Sources */ = {isa = PBXBuildFile; fileRef = ED97D63828F44EA800CFC418 /* NotificationsViewModel.swift */; };
		ED97D63B28F45FB500CFC418 /* View+OS.swift in Sources */ = {isa = PBXBuildFile; fileRef = ED97D63A28F45FB500CFC418 /* View+OS.swift */; };
		ED97D63F28F5921800CFC418 /* View+If.swift in Sources */ = {isa = PBXBuildFile; fileRef = ED97D63E28F5921800CFC418 /* View+If.swift */; };
		ED97D64128F5969600CFC418 /* NotificationRowView.swift in Sources */ = {isa = PBXBuildFile; fileRef = ED97D64028F5969600CFC418 /* NotificationRowView.swift */; };
		ED97D64328F5B1E500CFC418 /* Disambuguation.swift in Sources */ = {isa = PBXBuildFile; fileRef = ED97D64228F5B1E500CFC418 /* Disambuguation.swift */; };
		ED9CF43F296C676600A1C668 /* AllWeekliesView.swift in Sources */ = {isa = PBXBuildFile; fileRef = ED9CF43E296C676600A1C668 /* AllWeekliesView.swift */; };
		ED9CF4412972E6A100A1C668 /* AllWeekliesViewModel.swift in Sources */ = {isa = PBXBuildFile; fileRef = ED9CF4402972E6A100A1C668 /* AllWeekliesViewModel.swift */; };
		ED9CF4432972F1D500A1C668 /* WeekRowView.swift in Sources */ = {isa = PBXBuildFile; fileRef = ED9CF4422972F1D500A1C668 /* WeekRowView.swift */; };
		EDAD6517298E81AA003CC3F3 /* WeekRantsView.swift in Sources */ = {isa = PBXBuildFile; fileRef = EDAD6516298E81AA003CC3F3 /* WeekRantsView.swift */; };
		EDAD6519298E8376003CC3F3 /* WeekRantsViewModel.swift in Sources */ = {isa = PBXBuildFile; fileRef = EDAD6518298E8376003CC3F3 /* WeekRantsViewModel.swift */; };
		EDCA4564292FD7D400C12A6D /* RantList.swift in Sources */ = {isa = PBXBuildFile; fileRef = EDCA4563292FD7D400C12A6D /* RantList.swift */; };
		EDCEF96C292FE7940007C9BD /* RantUpdating.swift in Sources */ = {isa = PBXBuildFile; fileRef = EDCEF96B292FE7940007C9BD /* RantUpdating.swift */; };
		EDCEF96E2930F83B0007C9BD /* CommentUpdating.swift in Sources */ = {isa = PBXBuildFile; fileRef = EDCEF96D2930F83B0007C9BD /* CommentUpdating.swift */; };
		EDCEF97129313ED90007C9BD /* UserProfile.swift in Sources */ = {isa = PBXBuildFile; fileRef = EDCEF97029313ED90007C9BD /* UserProfile.swift */; };
		EDCEF973293142900007C9BD /* String+EmptyToNil.swift in Sources */ = {isa = PBXBuildFile; fileRef = EDCEF972293142900007C9BD /* String+EmptyToNil.swift */; };
		EDCEF9772933CA9C0007C9BD /* Pasteboard.swift in Sources */ = {isa = PBXBuildFile; fileRef = EDCEF9762933CA9C0007C9BD /* Pasteboard.swift */; };
		EDCEF9792933DDBF0007C9BD /* Image+PlatformImage.swift in Sources */ = {isa = PBXBuildFile; fileRef = EDCEF9782933DDBF0007C9BD /* Image+PlatformImage.swift */; };
		EDD52B142B3C4C87005F04D3 /* SwiftUIIntrospect in Frameworks */ = {isa = PBXBuildFile; productRef = EDD52B132B3C4C87005F04D3 /* SwiftUIIntrospect */; };
		EDD52B182B3C4C87005F04D3 /* SwiftUIIntrospect-Static in Frameworks */ = {isa = PBXBuildFile; productRef = EDD52B172B3C4C87005F04D3 /* SwiftUIIntrospect-Static */; };
		EDE2288C28CE15040025EDB1 /* FeedRantViewModel.swift in Sources */ = {isa = PBXBuildFile; fileRef = EDE2288B28CE15040025EDB1 /* FeedRantViewModel.swift */; };
		EDE2288E28D5E5670025EDB1 /* RantDetailsView.swift in Sources */ = {isa = PBXBuildFile; fileRef = EDE2288D28D5E5670025EDB1 /* RantDetailsView.swift */; };
		EDE2289128D5E5C90025EDB1 /* RantDetailsViewModel.swift in Sources */ = {isa = PBXBuildFile; fileRef = EDE2289028D5E5C90025EDB1 /* RantDetailsViewModel.swift */; };
		EDE2289328DB0FD90025EDB1 /* RantCommentView.swift in Sources */ = {isa = PBXBuildFile; fileRef = EDE2289228DB0FD90025EDB1 /* RantCommentView.swift */; };
		EDE2289528DB33660025EDB1 /* RantView.swift in Sources */ = {isa = PBXBuildFile; fileRef = EDE2289428DB33660025EDB1 /* RantView.swift */; };
		EDE2289728DB3F600025EDB1 /* VoteController.swift in Sources */ = {isa = PBXBuildFile; fileRef = EDE2289628DB3F600025EDB1 /* VoteController.swift */; };
/* End PBXBuildFile section */

/* Begin PBXFileReference section */
		0C4858752D11A36A007D688D /* Networking.swift */ = {isa = PBXFileReference; lastKnownFileType = sourcecode.swift; path = Networking.swift; sourceTree = "<group>"; };
		ED00E50A28DCC642000A01DC /* RantViewModel.swift */ = {isa = PBXFileReference; lastKnownFileType = sourcecode.swift; path = RantViewModel.swift; sourceTree = "<group>"; };
		ED00E50C28DDB4E6000A01DC /* BroadcastEvent.swift */ = {isa = PBXFileReference; lastKnownFileType = sourcecode.swift; path = BroadcastEvent.swift; sourceTree = "<group>"; };
		ED0FB7E828FF34D000E5163D /* WritePostView.swift */ = {isa = PBXFileReference; lastKnownFileType = sourcecode.swift; path = WritePostView.swift; sourceTree = "<group>"; };
		ED0FB7EA28FF350500E5163D /* WritePostViewModel.swift */ = {isa = PBXFileReference; lastKnownFileType = sourcecode.swift; path = WritePostViewModel.swift; sourceTree = "<group>"; };
		ED0FB7EC2901ADA900E5163D /* LoginStore.swift */ = {isa = PBXFileReference; lastKnownFileType = sourcecode.swift; path = LoginStore.swift; sourceTree = "<group>"; };
		ED14DE5828E07A2F005FCC9A /* RantCommentViewModel.swift */ = {isa = PBXFileReference; lastKnownFileType = sourcecode.swift; path = RantCommentViewModel.swift; sourceTree = "<group>"; };
		ED14DE5A28E08016005FCC9A /* UserAvatarView.swift */ = {isa = PBXFileReference; lastKnownFileType = sourcecode.swift; path = UserAvatarView.swift; sourceTree = "<group>"; };
		ED14DE5F28E090E7005FCC9A /* URLCache_Extension.swift */ = {isa = PBXFileReference; lastKnownFileType = sourcecode.swift; path = URLCache_Extension.swift; sourceTree = "<group>"; };
		ED14DE6328E36241005FCC9A /* TimeFormatter.swift */ = {isa = PBXFileReference; lastKnownFileType = sourcecode.swift; path = TimeFormatter.swift; sourceTree = "<group>"; };
		ED1B307628CCE1E3001A6A73 /* PostedImage.swift */ = {isa = PBXFileReference; lastKnownFileType = sourcecode.swift; path = PostedImage.swift; sourceTree = "<group>"; };
		ED1B307828CCE921001A6A73 /* UserPanel.swift */ = {isa = PBXFileReference; lastKnownFileType = sourcecode.swift; path = UserPanel.swift; sourceTree = "<group>"; };
		ED1B307A28CE0451001A6A73 /* View+Preview.swift */ = {isa = PBXFileReference; lastKnownFileType = sourcecode.swift; path = "View+Preview.swift"; sourceTree = "<group>"; };
		ED29858F28BCD9AF0065D0E3 /* InternalView.swift */ = {isa = PBXFileReference; lastKnownFileType = sourcecode.swift; path = InternalView.swift; sourceTree = "<group>"; };
		ED2C9B6228B679CB008BF314 /* JoyRant.app */ = {isa = PBXFileReference; explicitFileType = wrapper.application; includeInIndex = 0; path = JoyRant.app; sourceTree = BUILT_PRODUCTS_DIR; };
		ED2C9B6528B679CB008BF314 /* SwiftUIRantApp.swift */ = {isa = PBXFileReference; lastKnownFileType = sourcecode.swift; path = SwiftUIRantApp.swift; sourceTree = "<group>"; };
		ED2C9B6728B679CB008BF314 /* ContentView.swift */ = {isa = PBXFileReference; lastKnownFileType = sourcecode.swift; path = ContentView.swift; sourceTree = "<group>"; };
		ED2C9B6928B679D0008BF314 /* Assets.xcassets */ = {isa = PBXFileReference; lastKnownFileType = folder.assetcatalog; path = Assets.xcassets; sourceTree = "<group>"; };
		ED2C9B6B28B679D0008BF314 /* SwiftUIRant.entitlements */ = {isa = PBXFileReference; lastKnownFileType = text.plist.entitlements; path = SwiftUIRant.entitlements; sourceTree = "<group>"; };
		ED2C9B6D28B679D0008BF314 /* Preview Assets.xcassets */ = {isa = PBXFileReference; lastKnownFileType = folder.assetcatalog; path = "Preview Assets.xcassets"; sourceTree = "<group>"; };
		ED2C9B7A28B67C52008BF314 /* LoginView.swift */ = {isa = PBXFileReference; lastKnownFileType = sourcecode.swift; path = LoginView.swift; sourceTree = "<group>"; };
		ED2C9B7C28B67CFF008BF314 /* LoginViewModel.swift */ = {isa = PBXFileReference; lastKnownFileType = sourcecode.swift; path = LoginViewModel.swift; sourceTree = "<group>"; };
		ED2C9B7E28B69892008BF314 /* Logging.swift */ = {isa = PBXFileReference; lastKnownFileType = sourcecode.swift; path = Logging.swift; sourceTree = "<group>"; };
		ED2F3C3E29E0076500A48877 /* CommunityProjectRowView.swift */ = {isa = PBXFileReference; lastKnownFileType = sourcecode.swift; path = CommunityProjectRowView.swift; sourceTree = "<group>"; };
		ED33C2362903F31100A59A11 /* Models+IdTypes.swift */ = {isa = PBXFileReference; lastKnownFileType = sourcecode.swift; path = "Models+IdTypes.swift"; sourceTree = "<group>"; };
		ED33C23829040E3300A59A11 /* Models+TimeToModify.swift */ = {isa = PBXFileReference; lastKnownFileType = sourcecode.swift; path = "Models+TimeToModify.swift"; sourceTree = "<group>"; };
		ED33C23E2904178B00A59A11 /* SwiftUIRantError.swift */ = {isa = PBXFileReference; lastKnownFileType = sourcecode.swift; path = SwiftUIRantError.swift; sourceTree = "<group>"; };
		ED398CA428FC57250012142B /* LoadingButton.swift */ = {isa = PBXFileReference; lastKnownFileType = sourcecode.swift; path = LoadingButton.swift; sourceTree = "<group>"; };
		ED398CA628FC59650012142B /* RefreshButton.swift */ = {isa = PBXFileReference; lastKnownFileType = sourcecode.swift; path = RefreshButton.swift; sourceTree = "<group>"; };
		ED59CEC328BCE0860007B698 /* AppState.swift */ = {isa = PBXFileReference; lastKnownFileType = sourcecode.swift; path = AppState.swift; sourceTree = "<group>"; };
		ED59CEC628BCF6110007B698 /* AlertMessage.swift */ = {isa = PBXFileReference; lastKnownFileType = sourcecode.swift; path = AlertMessage.swift; sourceTree = "<group>"; };
		ED59CEC928BD05D00007B698 /* FeedView.swift */ = {isa = PBXFileReference; lastKnownFileType = sourcecode.swift; path = FeedView.swift; sourceTree = "<group>"; };
		ED59CECB28BD05E80007B698 /* FeedViewModel.swift */ = {isa = PBXFileReference; lastKnownFileType = sourcecode.swift; path = FeedViewModel.swift; sourceTree = "<group>"; };
		ED59CED028BD0B110007B698 /* FeedRantView.swift */ = {isa = PBXFileReference; lastKnownFileType = sourcecode.swift; path = FeedRantView.swift; sourceTree = "<group>"; };
		ED59CED228BD0EC60007B698 /* DataStore.swift */ = {isa = PBXFileReference; lastKnownFileType = sourcecode.swift; path = DataStore.swift; sourceTree = "<group>"; };
		ED59CED428BD103C0007B698 /* DataLoader.swift */ = {isa = PBXFileReference; lastKnownFileType = sourcecode.swift; path = DataLoader.swift; sourceTree = "<group>"; };
		ED59CED628BE71800007B698 /* VoteControl.swift */ = {isa = PBXFileReference; lastKnownFileType = sourcecode.swift; path = VoteControl.swift; sourceTree = "<group>"; };
		ED59CED828C7861E0007B698 /* UserSettings.swift */ = {isa = PBXFileReference; lastKnownFileType = sourcecode.swift; path = UserSettings.swift; sourceTree = "<group>"; };
		ED59CEDB28C788010007B698 /* KeyPathModifiedCopyable.swift */ = {isa = PBXFileReference; lastKnownFileType = sourcecode.swift; path = KeyPathModifiedCopyable.swift; sourceTree = "<group>"; };
		ED59CEDE28C789B30007B698 /* Color.swift */ = {isa = PBXFileReference; lastKnownFileType = sourcecode.swift; path = Color.swift; sourceTree = "<group>"; };
		ED59CEE028C78A8E0007B698 /* Text+FontExtensions.swift */ = {isa = PBXFileReference; lastKnownFileType = sourcecode.swift; path = "Text+FontExtensions.swift"; sourceTree = "<group>"; };
		ED59CEE228C78EAF0007B698 /* View+Fill.swift */ = {isa = PBXFileReference; lastKnownFileType = sourcecode.swift; path = "View+Fill.swift"; sourceTree = "<group>"; };
		ED59CEE428C78FC60007B698 /* View+NotificationCenter.swift */ = {isa = PBXFileReference; lastKnownFileType = sourcecode.swift; path = "View+NotificationCenter.swift"; sourceTree = "<group>"; };
		ED59CEE728CB74180007B698 /* MockedModels.swift */ = {isa = PBXFileReference; lastKnownFileType = sourcecode.swift; path = MockedModels.swift; sourceTree = "<group>"; };
		ED62E10E29DFF6C300E3C93D /* CommunityProjectsView.swift */ = {isa = PBXFileReference; lastKnownFileType = sourcecode.swift; path = CommunityProjectsView.swift; sourceTree = "<group>"; };
		ED62E11029DFF85F00E3C93D /* CommunityProjectsViewModel.swift */ = {isa = PBXFileReference; lastKnownFileType = sourcecode.swift; path = CommunityProjectsViewModel.swift; sourceTree = "<group>"; };
		ED74D50A2921117800088CE6 /* SegmentedPicker.swift */ = {isa = PBXFileReference; lastKnownFileType = sourcecode.swift; path = SegmentedPicker.swift; sourceTree = "<group>"; };
		ED74D50C292542F700088CE6 /* ColorToHex.swift */ = {isa = PBXFileReference; lastKnownFileType = sourcecode.swift; path = ColorToHex.swift; sourceTree = "<group>"; };
		ED74D5112928FD6D00088CE6 /* ProfileView.swift */ = {isa = PBXFileReference; lastKnownFileType = sourcecode.swift; path = ProfileView.swift; sourceTree = "<group>"; };
		ED74D5132928FDD300088CE6 /* ProfileViewModel.swift */ = {isa = PBXFileReference; lastKnownFileType = sourcecode.swift; path = ProfileViewModel.swift; sourceTree = "<group>"; };
		ED74D5152929291000088CE6 /* URLHandler.swift */ = {isa = PBXFileReference; lastKnownFileType = sourcecode.swift; path = URLHandler.swift; sourceTree = "<group>"; };
		ED7FCCB129DFFEFE007D8675 /* CommunityProject.swift */ = {isa = PBXFileReference; lastKnownFileType = sourcecode.swift; path = CommunityProject.swift; sourceTree = "<group>"; };
		ED8622D4290D3E7F0070A7D2 /* Info.plist */ = {isa = PBXFileReference; lastKnownFileType = text.plist; path = Info.plist; sourceTree = "<group>"; };
		ED91BF1A291589E000B400C4 /* LinksInPostedContent.swift */ = {isa = PBXFileReference; lastKnownFileType = sourcecode.swift; path = LinksInPostedContent.swift; sourceTree = "<group>"; };
		ED97D62428E86F5200CFC418 /* CreationTimeView.swift */ = {isa = PBXFileReference; lastKnownFileType = sourcecode.swift; path = CreationTimeView.swift; sourceTree = "<group>"; };
		ED97D62628E9C98900CFC418 /* RantExtensions.swift */ = {isa = PBXFileReference; lastKnownFileType = sourcecode.swift; path = RantExtensions.swift; sourceTree = "<group>"; };
		ED97D62828E9C9E200CFC418 /* CommentExtensions.swift */ = {isa = PBXFileReference; lastKnownFileType = sourcecode.swift; path = CommentExtensions.swift; sourceTree = "<group>"; };
		ED97D62D28EAF46600CFC418 /* Color+Hex.swift */ = {isa = PBXFileReference; lastKnownFileType = sourcecode.swift; path = "Color+Hex.swift"; sourceTree = "<group>"; };
		ED97D63328F1D4C700CFC418 /* SettingsView.swift */ = {isa = PBXFileReference; lastKnownFileType = sourcecode.swift; path = SettingsView.swift; sourceTree = "<group>"; };
		ED97D63628F3035C00CFC418 /* NotificationsView.swift */ = {isa = PBXFileReference; lastKnownFileType = sourcecode.swift; path = NotificationsView.swift; sourceTree = "<group>"; };
		ED97D63828F44EA800CFC418 /* NotificationsViewModel.swift */ = {isa = PBXFileReference; lastKnownFileType = sourcecode.swift; path = NotificationsViewModel.swift; sourceTree = "<group>"; };
		ED97D63A28F45FB500CFC418 /* View+OS.swift */ = {isa = PBXFileReference; lastKnownFileType = sourcecode.swift; path = "View+OS.swift"; sourceTree = "<group>"; };
		ED97D63E28F5921800CFC418 /* View+If.swift */ = {isa = PBXFileReference; lastKnownFileType = sourcecode.swift; path = "View+If.swift"; sourceTree = "<group>"; };
		ED97D64028F5969600CFC418 /* NotificationRowView.swift */ = {isa = PBXFileReference; lastKnownFileType = sourcecode.swift; path = NotificationRowView.swift; sourceTree = "<group>"; };
		ED97D64228F5B1E500CFC418 /* Disambuguation.swift */ = {isa = PBXFileReference; lastKnownFileType = sourcecode.swift; path = Disambuguation.swift; sourceTree = "<group>"; };
		ED9CF43E296C676600A1C668 /* AllWeekliesView.swift */ = {isa = PBXFileReference; lastKnownFileType = sourcecode.swift; path = AllWeekliesView.swift; sourceTree = "<group>"; };
		ED9CF4402972E6A100A1C668 /* AllWeekliesViewModel.swift */ = {isa = PBXFileReference; lastKnownFileType = sourcecode.swift; path = AllWeekliesViewModel.swift; sourceTree = "<group>"; };
		ED9CF4422972F1D500A1C668 /* WeekRowView.swift */ = {isa = PBXFileReference; lastKnownFileType = sourcecode.swift; path = WeekRowView.swift; sourceTree = "<group>"; };
		EDAD6516298E81AA003CC3F3 /* WeekRantsView.swift */ = {isa = PBXFileReference; lastKnownFileType = sourcecode.swift; path = WeekRantsView.swift; sourceTree = "<group>"; };
		EDAD6518298E8376003CC3F3 /* WeekRantsViewModel.swift */ = {isa = PBXFileReference; lastKnownFileType = sourcecode.swift; path = WeekRantsViewModel.swift; sourceTree = "<group>"; };
		EDCA4563292FD7D400C12A6D /* RantList.swift */ = {isa = PBXFileReference; lastKnownFileType = sourcecode.swift; path = RantList.swift; sourceTree = "<group>"; };
		EDCEF96B292FE7940007C9BD /* RantUpdating.swift */ = {isa = PBXFileReference; lastKnownFileType = sourcecode.swift; path = RantUpdating.swift; sourceTree = "<group>"; };
		EDCEF96D2930F83B0007C9BD /* CommentUpdating.swift */ = {isa = PBXFileReference; lastKnownFileType = sourcecode.swift; path = CommentUpdating.swift; sourceTree = "<group>"; };
		EDCEF97029313ED90007C9BD /* UserProfile.swift */ = {isa = PBXFileReference; lastKnownFileType = sourcecode.swift; path = UserProfile.swift; sourceTree = "<group>"; };
		EDCEF972293142900007C9BD /* String+EmptyToNil.swift */ = {isa = PBXFileReference; lastKnownFileType = sourcecode.swift; path = "String+EmptyToNil.swift"; sourceTree = "<group>"; };
		EDCEF9762933CA9C0007C9BD /* Pasteboard.swift */ = {isa = PBXFileReference; lastKnownFileType = sourcecode.swift; path = Pasteboard.swift; sourceTree = "<group>"; };
		EDCEF9782933DDBF0007C9BD /* Image+PlatformImage.swift */ = {isa = PBXFileReference; lastKnownFileType = sourcecode.swift; path = "Image+PlatformImage.swift"; sourceTree = "<group>"; };
		EDE2288B28CE15040025EDB1 /* FeedRantViewModel.swift */ = {isa = PBXFileReference; lastKnownFileType = sourcecode.swift; path = FeedRantViewModel.swift; sourceTree = "<group>"; };
		EDE2288D28D5E5670025EDB1 /* RantDetailsView.swift */ = {isa = PBXFileReference; lastKnownFileType = sourcecode.swift; path = RantDetailsView.swift; sourceTree = "<group>"; };
		EDE2289028D5E5C90025EDB1 /* RantDetailsViewModel.swift */ = {isa = PBXFileReference; lastKnownFileType = sourcecode.swift; path = RantDetailsViewModel.swift; sourceTree = "<group>"; };
		EDE2289228DB0FD90025EDB1 /* RantCommentView.swift */ = {isa = PBXFileReference; lastKnownFileType = sourcecode.swift; path = RantCommentView.swift; sourceTree = "<group>"; };
		EDE2289428DB33660025EDB1 /* RantView.swift */ = {isa = PBXFileReference; lastKnownFileType = sourcecode.swift; path = RantView.swift; sourceTree = "<group>"; };
		EDE2289628DB3F600025EDB1 /* VoteController.swift */ = {isa = PBXFileReference; lastKnownFileType = sourcecode.swift; path = VoteController.swift; sourceTree = "<group>"; };
/* End PBXFileReference section */

/* Begin PBXFrameworksBuildPhase section */
		ED2C9B5F28B679CB008BF314 /* Frameworks */ = {
			isa = PBXFrameworksBuildPhase;
			buildActionMask = 2147483647;
			files = (
				0C9030592D11A075009BCBC5 /* SwiftDevRant in Frameworks */,
				EDD52B142B3C4C87005F04D3 /* SwiftUIIntrospect in Frameworks */,
				ED2F3C4229E0148100A48877 /* ArrayBuilderModule in Frameworks */,
				ED14DE5E28E08EBF005FCC9A /* CachedAsyncImage in Frameworks */,
				ED97D62C28E9CC4B00CFC418 /* HexUIColor in Frameworks */,
				ED427DDA291AE07500C3B30A /* Algorithms in Frameworks */,
				ED97D63128EB22C100CFC418 /* HexNSColor in Frameworks */,
				EDD52B182B3C4C87005F04D3 /* SwiftUIIntrospect-Static in Frameworks */,
				0CED7FE32D19BA0A000B95A2 /* SwiftKeychainWrapper in Frameworks */,
				0CED7FE62D19BAA2000B95A2 /* SwiftDevRant in Frameworks */,
			);
			runOnlyForDeploymentPostprocessing = 0;
		};
/* End PBXFrameworksBuildPhase section */

/* Begin PBXGroup section */
		ED0FB7E728FF348400E5163D /* WritePost */ = {
			isa = PBXGroup;
			children = (
				ED0FB7E828FF34D000E5163D /* WritePostView.swift */,
				ED0FB7EA28FF350500E5163D /* WritePostViewModel.swift */,
			);
			path = WritePost;
			sourceTree = "<group>";
		};
		ED2C9B5928B679CB008BF314 = {
			isa = PBXGroup;
			children = (
				ED9082AB2A4AEE7000B57203 /* Packages */,
				ED2C9B6428B679CB008BF314 /* SwiftUIRant */,
				ED2C9B6328B679CB008BF314 /* Products */,
				ED97D62F28EB22C100CFC418 /* Frameworks */,
			);
			sourceTree = "<group>";
		};
		ED2C9B6328B679CB008BF314 /* Products */ = {
			isa = PBXGroup;
			children = (
				ED2C9B6228B679CB008BF314 /* JoyRant.app */,
			);
			name = Products;
			sourceTree = "<group>";
		};
		ED2C9B6428B679CB008BF314 /* SwiftUIRant */ = {
			isa = PBXGroup;
			children = (
				ED8622D4290D3E7F0070A7D2 /* Info.plist */,
				ED2C9B6528B679CB008BF314 /* SwiftUIRantApp.swift */,
				ED59CEC328BCE0860007B698 /* AppState.swift */,
				0C4858752D11A36A007D688D /* Networking.swift */,
				ED2C9B7E28B69892008BF314 /* Logging.swift */,
				ED0FB7EC2901ADA900E5163D /* LoginStore.swift */,
				ED59CED228BD0EC60007B698 /* DataStore.swift */,
				ED59CED428BD103C0007B698 /* DataLoader.swift */,
				ED2C9B6928B679D0008BF314 /* Assets.xcassets */,
				ED2C9B6B28B679D0008BF314 /* SwiftUIRant.entitlements */,
				ED59CEDA28C787D80007B698 /* Util */,
				ED59CEE628CB73F10007B698 /* Model Extensions */,
				EDCEF96F29313E840007C9BD /* Model Alternatives */,
				ED2C9B7728B67BD2008BF314 /* UI */,
				ED2C9B6C28B679D0008BF314 /* Preview Content */,
			);
			path = SwiftUIRant;
			sourceTree = "<group>";
		};
		ED2C9B6C28B679D0008BF314 /* Preview Content */ = {
			isa = PBXGroup;
			children = (
				ED2C9B6D28B679D0008BF314 /* Preview Assets.xcassets */,
			);
			path = "Preview Content";
			sourceTree = "<group>";
		};
		ED2C9B7728B67BD2008BF314 /* UI */ = {
			isa = PBXGroup;
			children = (
				ED59CEDD28C789A00007B698 /* Style */,
				ED59CEC528BCF5E30007B698 /* Util */,
				ED59CECF28BD0A8D0007B698 /* Views */,
				ED2C9B7828B67BDE008BF314 /* Screens */,
			);
			path = UI;
			sourceTree = "<group>";
		};
		ED2C9B7828B67BDE008BF314 /* Screens */ = {
			isa = PBXGroup;
			children = (
				ED2C9B6728B679CB008BF314 /* ContentView.swift */,
				ED29858F28BCD9AF0065D0E3 /* InternalView.swift */,
				ED2C9B7928B67BF4008BF314 /* Login */,
				ED59CEC828BD04A80007B698 /* Feed */,
				ED9CF43D296C673200A1C668 /* Weeklies List */,
				EDAD6515298E8149003CC3F3 /* Week Rants List */,
				EDE2288F28D5E5710025EDB1 /* RantDetails */,
				ED74D5102928FD2300088CE6 /* Profile */,
				ED0FB7E728FF348400E5163D /* WritePost */,
				ED97D63528F302D500CFC418 /* Notifications */,
				ED97D63228F1D4AD00CFC418 /* Settings */,
				ED62E10D29DFF69300E3C93D /* Community Projects */,
			);
			path = Screens;
			sourceTree = "<group>";
		};
		ED2C9B7928B67BF4008BF314 /* Login */ = {
			isa = PBXGroup;
			children = (
				ED2C9B7A28B67C52008BF314 /* LoginView.swift */,
				ED2C9B7C28B67CFF008BF314 /* LoginViewModel.swift */,
			);
			path = Login;
			sourceTree = "<group>";
		};
		ED59CEC528BCF5E30007B698 /* Util */ = {
			isa = PBXGroup;
			children = (
				ED59CEC628BCF6110007B698 /* AlertMessage.swift */,
				ED97D62D28EAF46600CFC418 /* Color+Hex.swift */,
				ED59CEE228C78EAF0007B698 /* View+Fill.swift */,
				ED59CEE428C78FC60007B698 /* View+NotificationCenter.swift */,
				ED1B307A28CE0451001A6A73 /* View+Preview.swift */,
				ED97D63A28F45FB500CFC418 /* View+OS.swift */,
				ED97D63E28F5921800CFC418 /* View+If.swift */,
				ED91BF1A291589E000B400C4 /* LinksInPostedContent.swift */,
				EDCEF9762933CA9C0007C9BD /* Pasteboard.swift */,
				EDCEF9782933DDBF0007C9BD /* Image+PlatformImage.swift */,
			);
			path = Util;
			sourceTree = "<group>";
		};
		ED59CEC828BD04A80007B698 /* Feed */ = {
			isa = PBXGroup;
			children = (
				ED59CEC928BD05D00007B698 /* FeedView.swift */,
				ED59CECB28BD05E80007B698 /* FeedViewModel.swift */,
				ED59CED028BD0B110007B698 /* FeedRantView.swift */,
				EDE2288B28CE15040025EDB1 /* FeedRantViewModel.swift */,
			);
			path = Feed;
			sourceTree = "<group>";
		};
		ED59CECF28BD0A8D0007B698 /* Views */ = {
			isa = PBXGroup;
			children = (
				ED59CED628BE71800007B698 /* VoteControl.swift */,
				ED1B307628CCE1E3001A6A73 /* PostedImage.swift */,
				ED1B307828CCE921001A6A73 /* UserPanel.swift */,
				ED14DE5A28E08016005FCC9A /* UserAvatarView.swift */,
				ED97D62428E86F5200CFC418 /* CreationTimeView.swift */,
				ED398CA428FC57250012142B /* LoadingButton.swift */,
				ED398CA628FC59650012142B /* RefreshButton.swift */,
				ED74D50A2921117800088CE6 /* SegmentedPicker.swift */,
				EDCA4563292FD7D400C12A6D /* RantList.swift */,
			);
			path = Views;
			sourceTree = "<group>";
		};
		ED59CEDA28C787D80007B698 /* Util */ = {
			isa = PBXGroup;
			children = (
				ED00E50C28DDB4E6000A01DC /* BroadcastEvent.swift */,
				ED59CEDB28C788010007B698 /* KeyPathModifiedCopyable.swift */,
				ED59CED828C7861E0007B698 /* UserSettings.swift */,
				EDE2289628DB3F600025EDB1 /* VoteController.swift */,
				ED14DE5F28E090E7005FCC9A /* URLCache_Extension.swift */,
				ED14DE6328E36241005FCC9A /* TimeFormatter.swift */,
				ED33C23E2904178B00A59A11 /* SwiftUIRantError.swift */,
				ED74D50C292542F700088CE6 /* ColorToHex.swift */,
				ED74D5152929291000088CE6 /* URLHandler.swift */,
				EDCEF96B292FE7940007C9BD /* RantUpdating.swift */,
				EDCEF96D2930F83B0007C9BD /* CommentUpdating.swift */,
				EDCEF972293142900007C9BD /* String+EmptyToNil.swift */,
			);
			path = Util;
			sourceTree = "<group>";
		};
		ED59CEDD28C789A00007B698 /* Style */ = {
			isa = PBXGroup;
			children = (
				ED59CEDE28C789B30007B698 /* Color.swift */,
				ED59CEE028C78A8E0007B698 /* Text+FontExtensions.swift */,
			);
			path = Style;
			sourceTree = "<group>";
		};
		ED59CEE628CB73F10007B698 /* Model Extensions */ = {
			isa = PBXGroup;
			children = (
				ED59CEE728CB74180007B698 /* MockedModels.swift */,
				ED97D62628E9C98900CFC418 /* RantExtensions.swift */,
				ED97D62828E9C9E200CFC418 /* CommentExtensions.swift */,
				ED97D64228F5B1E500CFC418 /* Disambuguation.swift */,
				ED33C2362903F31100A59A11 /* Models+IdTypes.swift */,
				ED33C23829040E3300A59A11 /* Models+TimeToModify.swift */,
			);
			path = "Model Extensions";
			sourceTree = "<group>";
		};
		ED62E10D29DFF69300E3C93D /* Community Projects */ = {
			isa = PBXGroup;
			children = (
				ED62E10E29DFF6C300E3C93D /* CommunityProjectsView.swift */,
				ED62E11029DFF85F00E3C93D /* CommunityProjectsViewModel.swift */,
				ED2F3C3E29E0076500A48877 /* CommunityProjectRowView.swift */,
			);
			path = "Community Projects";
			sourceTree = "<group>";
		};
		ED74D5102928FD2300088CE6 /* Profile */ = {
			isa = PBXGroup;
			children = (
				ED74D5112928FD6D00088CE6 /* ProfileView.swift */,
				ED74D5132928FDD300088CE6 /* ProfileViewModel.swift */,
			);
			path = Profile;
			sourceTree = "<group>";
		};
		ED9082AB2A4AEE7000B57203 /* Packages */ = {
			isa = PBXGroup;
			children = (
			);
			name = Packages;
			sourceTree = "<group>";
		};
		ED97D62F28EB22C100CFC418 /* Frameworks */ = {
			isa = PBXGroup;
			children = (
			);
			name = Frameworks;
			sourceTree = "<group>";
		};
		ED97D63228F1D4AD00CFC418 /* Settings */ = {
			isa = PBXGroup;
			children = (
				ED97D63328F1D4C700CFC418 /* SettingsView.swift */,
			);
			path = Settings;
			sourceTree = "<group>";
		};
		ED97D63528F302D500CFC418 /* Notifications */ = {
			isa = PBXGroup;
			children = (
				ED97D63628F3035C00CFC418 /* NotificationsView.swift */,
				ED97D63828F44EA800CFC418 /* NotificationsViewModel.swift */,
				ED97D64028F5969600CFC418 /* NotificationRowView.swift */,
			);
			path = Notifications;
			sourceTree = "<group>";
		};
		ED9CF43D296C673200A1C668 /* Weeklies List */ = {
			isa = PBXGroup;
			children = (
				ED9CF43E296C676600A1C668 /* AllWeekliesView.swift */,
				ED9CF4402972E6A100A1C668 /* AllWeekliesViewModel.swift */,
				ED9CF4422972F1D500A1C668 /* WeekRowView.swift */,
			);
			path = "Weeklies List";
			sourceTree = "<group>";
		};
		EDAD6515298E8149003CC3F3 /* Week Rants List */ = {
			isa = PBXGroup;
			children = (
				EDAD6516298E81AA003CC3F3 /* WeekRantsView.swift */,
				EDAD6518298E8376003CC3F3 /* WeekRantsViewModel.swift */,
			);
			path = "Week Rants List";
			sourceTree = "<group>";
		};
		EDCEF96F29313E840007C9BD /* Model Alternatives */ = {
			isa = PBXGroup;
			children = (
				EDCEF97029313ED90007C9BD /* UserProfile.swift */,
				ED7FCCB129DFFEFE007D8675 /* CommunityProject.swift */,
			);
			path = "Model Alternatives";
			sourceTree = "<group>";
		};
		EDE2288F28D5E5710025EDB1 /* RantDetails */ = {
			isa = PBXGroup;
			children = (
				EDE2288D28D5E5670025EDB1 /* RantDetailsView.swift */,
				EDE2289028D5E5C90025EDB1 /* RantDetailsViewModel.swift */,
				EDE2289428DB33660025EDB1 /* RantView.swift */,
				ED00E50A28DCC642000A01DC /* RantViewModel.swift */,
				EDE2289228DB0FD90025EDB1 /* RantCommentView.swift */,
				ED14DE5828E07A2F005FCC9A /* RantCommentViewModel.swift */,
			);
			path = RantDetails;
			sourceTree = "<group>";
		};
/* End PBXGroup section */

/* Begin PBXNativeTarget section */
		ED2C9B6128B679CB008BF314 /* SwiftUIRant */ = {
			isa = PBXNativeTarget;
			buildConfigurationList = ED2C9B7128B679D0008BF314 /* Build configuration list for PBXNativeTarget "SwiftUIRant" */;
			buildPhases = (
				ED2C9B5E28B679CB008BF314 /* Sources */,
				ED2C9B5F28B679CB008BF314 /* Frameworks */,
				ED2C9B6028B679CB008BF314 /* Resources */,
			);
			buildRules = (
			);
			dependencies = (
			);
			name = SwiftUIRant;
			packageProductDependencies = (
				ED14DE5D28E08EBF005FCC9A /* CachedAsyncImage */,
				ED97D62B28E9CC4B00CFC418 /* HexUIColor */,
				ED97D63028EB22C100CFC418 /* HexNSColor */,
				ED427DD9291AE07500C3B30A /* Algorithms */,
				ED2F3C4129E0148100A48877 /* ArrayBuilderModule */,
				EDD52B132B3C4C87005F04D3 /* SwiftUIIntrospect */,
				EDD52B172B3C4C87005F04D3 /* SwiftUIIntrospect-Static */,
				0C9030582D11A075009BCBC5 /* SwiftDevRant */,
				0CED7FE22D19BA0A000B95A2 /* SwiftKeychainWrapper */,
				0CED7FE52D19BAA2000B95A2 /* SwiftDevRant */,
			);
			productName = SwiftUIRant;
			productReference = ED2C9B6228B679CB008BF314 /* JoyRant.app */;
			productType = "com.apple.product-type.application";
		};
/* End PBXNativeTarget section */

/* Begin PBXProject section */
		ED2C9B5A28B679CB008BF314 /* Project object */ = {
			isa = PBXProject;
			attributes = {
				BuildIndependentTargetsInParallel = 1;
				LastSwiftUpdateCheck = 1400;
				LastUpgradeCheck = 1400;
				TargetAttributes = {
					ED2C9B6128B679CB008BF314 = {
						CreatedOnToolsVersion = 14.0;
					};
				};
			};
			buildConfigurationList = ED2C9B5D28B679CB008BF314 /* Build configuration list for PBXProject "SwiftUIRant" */;
			compatibilityVersion = "Xcode 14.0";
			developmentRegion = en;
			hasScannedForEncodings = 0;
			knownRegions = (
				en,
				Base,
			);
			mainGroup = ED2C9B5928B679CB008BF314;
			packageReferences = (
				ED14DE5C28E08EBF005FCC9A /* XCRemoteSwiftPackageReference "swiftui-cached-async-image" */,
				ED97D62A28E9CC4B00CFC418 /* XCRemoteSwiftPackageReference "HexColor" */,
				ED427DD8291AE07500C3B30A /* XCRemoteSwiftPackageReference "swift-algorithms" */,
				ED2F3C4029E0148100A48877 /* XCRemoteSwiftPackageReference "ArrayBuilder" */,
				EDD52B122B3C4C86005F04D3 /* XCRemoteSwiftPackageReference "swiftui-introspect" */,
				0CED7FE12D19BA0A000B95A2 /* XCRemoteSwiftPackageReference "SwiftKeychainWrapper" */,
				0CED7FE42D19BAA2000B95A2 /* XCRemoteSwiftPackageReference "SwiftDevRantSDK" */,
			);
			productRefGroup = ED2C9B6328B679CB008BF314 /* Products */;
			projectDirPath = "";
			projectRoot = "";
			targets = (
				ED2C9B6128B679CB008BF314 /* SwiftUIRant */,
			);
		};
/* End PBXProject section */

/* Begin PBXResourcesBuildPhase section */
		ED2C9B6028B679CB008BF314 /* Resources */ = {
			isa = PBXResourcesBuildPhase;
			buildActionMask = 2147483647;
			files = (
				ED2C9B6E28B679D0008BF314 /* Preview Assets.xcassets in Resources */,
				ED2C9B6A28B679D0008BF314 /* Assets.xcassets in Resources */,
			);
			runOnlyForDeploymentPostprocessing = 0;
		};
/* End PBXResourcesBuildPhase section */

/* Begin PBXSourcesBuildPhase section */
		ED2C9B5E28B679CB008BF314 /* Sources */ = {
			isa = PBXSourcesBuildPhase;
			buildActionMask = 2147483647;
			files = (
				ED59CED328BD0EC60007B698 /* DataStore.swift in Sources */,
				ED1B307928CCE921001A6A73 /* UserPanel.swift in Sources */,
				EDCEF973293142900007C9BD /* String+EmptyToNil.swift in Sources */,
				ED59CEE528C78FC60007B698 /* View+NotificationCenter.swift in Sources */,
				ED97D63728F3035C00CFC418 /* NotificationsView.swift in Sources */,
				ED9CF43F296C676600A1C668 /* AllWeekliesView.swift in Sources */,
				ED0FB7EB28FF350500E5163D /* WritePostViewModel.swift in Sources */,
				ED59CECC28BD05E80007B698 /* FeedViewModel.swift in Sources */,
				EDCEF96C292FE7940007C9BD /* RantUpdating.swift in Sources */,
				ED97D63928F44EA800CFC418 /* NotificationsViewModel.swift in Sources */,
				ED33C23929040E3300A59A11 /* Models+TimeToModify.swift in Sources */,
				ED59CED528BD103C0007B698 /* DataLoader.swift in Sources */,
				EDE2289728DB3F600025EDB1 /* VoteController.swift in Sources */,
				EDE2288E28D5E5670025EDB1 /* RantDetailsView.swift in Sources */,
				ED0FB7E928FF34D000E5163D /* WritePostView.swift in Sources */,
				ED62E11129DFF85F00E3C93D /* CommunityProjectsViewModel.swift in Sources */,
				ED59CEE328C78EAF0007B698 /* View+Fill.swift in Sources */,
				ED97D63F28F5921800CFC418 /* View+If.swift in Sources */,
				EDCEF97129313ED90007C9BD /* UserProfile.swift in Sources */,
				ED74D50D292542F700088CE6 /* ColorToHex.swift in Sources */,
				ED59CEDC28C788010007B698 /* KeyPathModifiedCopyable.swift in Sources */,
				ED14DE5928E07A2F005FCC9A /* RantCommentViewModel.swift in Sources */,
				ED2F3C3F29E0076500A48877 /* CommunityProjectRowView.swift in Sources */,
				ED74D5122928FD6D00088CE6 /* ProfileView.swift in Sources */,
				ED33C2372903F31100A59A11 /* Models+IdTypes.swift in Sources */,
				ED14DE6028E090E7005FCC9A /* URLCache_Extension.swift in Sources */,
				ED97D62528E86F5200CFC418 /* CreationTimeView.swift in Sources */,
				ED97D63428F1D4C700CFC418 /* SettingsView.swift in Sources */,
				ED2C9B7D28B67CFF008BF314 /* LoginViewModel.swift in Sources */,
				EDCA4564292FD7D400C12A6D /* RantList.swift in Sources */,
				ED59CEE128C78A8E0007B698 /* Text+FontExtensions.swift in Sources */,
				ED97D64328F5B1E500CFC418 /* Disambuguation.swift in Sources */,
				EDAD6517298E81AA003CC3F3 /* WeekRantsView.swift in Sources */,
				ED59CEC728BCF6110007B698 /* AlertMessage.swift in Sources */,
				EDE2289528DB33660025EDB1 /* RantView.swift in Sources */,
				EDCEF9772933CA9C0007C9BD /* Pasteboard.swift in Sources */,
				ED74D5162929291000088CE6 /* URLHandler.swift in Sources */,
				ED2C9B7F28B69892008BF314 /* Logging.swift in Sources */,
				EDE2289128D5E5C90025EDB1 /* RantDetailsViewModel.swift in Sources */,
				0C4858762D11A371007D688D /* Networking.swift in Sources */,
				ED00E50B28DCC642000A01DC /* RantViewModel.swift in Sources */,
				ED91BF1B291589E000B400C4 /* LinksInPostedContent.swift in Sources */,
				ED29859028BCD9AF0065D0E3 /* InternalView.swift in Sources */,
				ED59CEC428BCE0860007B698 /* AppState.swift in Sources */,
				ED398CA528FC57250012142B /* LoadingButton.swift in Sources */,
				ED00E50D28DDB4E6000A01DC /* BroadcastEvent.swift in Sources */,
				ED59CED728BE71800007B698 /* VoteControl.swift in Sources */,
				ED2C9B7B28B67C53008BF314 /* LoginView.swift in Sources */,
				ED1B307B28CE0451001A6A73 /* View+Preview.swift in Sources */,
				ED2C9B6828B679CB008BF314 /* ContentView.swift in Sources */,
				ED97D64128F5969600CFC418 /* NotificationRowView.swift in Sources */,
				ED59CECA28BD05D00007B698 /* FeedView.swift in Sources */,
				EDE2288C28CE15040025EDB1 /* FeedRantViewModel.swift in Sources */,
				EDAD6519298E8376003CC3F3 /* WeekRantsViewModel.swift in Sources */,
				ED1B307728CCE1E4001A6A73 /* PostedImage.swift in Sources */,
				ED62E10F29DFF6C300E3C93D /* CommunityProjectsView.swift in Sources */,
				ED14DE5B28E08016005FCC9A /* UserAvatarView.swift in Sources */,
				ED14DE6428E36241005FCC9A /* TimeFormatter.swift in Sources */,
				ED97D62928E9C9E200CFC418 /* CommentExtensions.swift in Sources */,
				ED2C9B6628B679CB008BF314 /* SwiftUIRantApp.swift in Sources */,
				ED74D5142928FDD300088CE6 /* ProfileViewModel.swift in Sources */,
				ED59CED928C7861E0007B698 /* UserSettings.swift in Sources */,
				ED97D62E28EAF46600CFC418 /* Color+Hex.swift in Sources */,
				ED59CEE828CB74180007B698 /* MockedModels.swift in Sources */,
				ED0FB7ED2901ADA900E5163D /* LoginStore.swift in Sources */,
				ED7FCCB229DFFEFE007D8675 /* CommunityProject.swift in Sources */,
				ED59CED128BD0B110007B698 /* FeedRantView.swift in Sources */,
				ED97D62728E9C98900CFC418 /* RantExtensions.swift in Sources */,
				ED74D50B2921117800088CE6 /* SegmentedPicker.swift in Sources */,
				EDE2289328DB0FD90025EDB1 /* RantCommentView.swift in Sources */,
				ED9CF4412972E6A100A1C668 /* AllWeekliesViewModel.swift in Sources */,
				ED33C23F2904178B00A59A11 /* SwiftUIRantError.swift in Sources */,
				EDCEF9792933DDBF0007C9BD /* Image+PlatformImage.swift in Sources */,
				ED398CA728FC59650012142B /* RefreshButton.swift in Sources */,
				ED97D63B28F45FB500CFC418 /* View+OS.swift in Sources */,
				ED59CEDF28C789B30007B698 /* Color.swift in Sources */,
				EDCEF96E2930F83B0007C9BD /* CommentUpdating.swift in Sources */,
				ED9CF4432972F1D500A1C668 /* WeekRowView.swift in Sources */,
			);
			runOnlyForDeploymentPostprocessing = 0;
		};
/* End PBXSourcesBuildPhase section */

/* Begin XCBuildConfiguration section */
		ED2C9B6F28B679D0008BF314 /* Debug */ = {
			isa = XCBuildConfiguration;
			buildSettings = {
				ALWAYS_SEARCH_USER_PATHS = NO;
				CLANG_ANALYZER_NONNULL = YES;
				CLANG_ANALYZER_NUMBER_OBJECT_CONVERSION = YES_AGGRESSIVE;
				CLANG_CXX_LANGUAGE_STANDARD = "gnu++17";
				CLANG_ENABLE_MODULES = YES;
				CLANG_ENABLE_OBJC_ARC = YES;
				CLANG_ENABLE_OBJC_WEAK = YES;
				CLANG_WARN_BLOCK_CAPTURE_AUTORELEASING = YES;
				CLANG_WARN_BOOL_CONVERSION = YES;
				CLANG_WARN_COMMA = YES;
				CLANG_WARN_CONSTANT_CONVERSION = YES;
				CLANG_WARN_DEPRECATED_OBJC_IMPLEMENTATIONS = YES;
				CLANG_WARN_DIRECT_OBJC_ISA_USAGE = YES_ERROR;
				CLANG_WARN_DOCUMENTATION_COMMENTS = YES;
				CLANG_WARN_EMPTY_BODY = YES;
				CLANG_WARN_ENUM_CONVERSION = YES;
				CLANG_WARN_INFINITE_RECURSION = YES;
				CLANG_WARN_INT_CONVERSION = YES;
				CLANG_WARN_NON_LITERAL_NULL_CONVERSION = YES;
				CLANG_WARN_OBJC_IMPLICIT_RETAIN_SELF = YES;
				CLANG_WARN_OBJC_LITERAL_CONVERSION = YES;
				CLANG_WARN_OBJC_ROOT_CLASS = YES_ERROR;
				CLANG_WARN_QUOTED_INCLUDE_IN_FRAMEWORK_HEADER = YES;
				CLANG_WARN_RANGE_LOOP_ANALYSIS = YES;
				CLANG_WARN_STRICT_PROTOTYPES = YES;
				CLANG_WARN_SUSPICIOUS_MOVE = YES;
				CLANG_WARN_UNGUARDED_AVAILABILITY = YES_AGGRESSIVE;
				CLANG_WARN_UNREACHABLE_CODE = YES;
				CLANG_WARN__DUPLICATE_METHOD_MATCH = YES;
				COPY_PHASE_STRIP = NO;
				DEBUG_INFORMATION_FORMAT = dwarf;
				ENABLE_STRICT_OBJC_MSGSEND = YES;
				ENABLE_TESTABILITY = YES;
				GCC_C_LANGUAGE_STANDARD = gnu11;
				GCC_DYNAMIC_NO_PIC = NO;
				GCC_NO_COMMON_BLOCKS = YES;
				GCC_OPTIMIZATION_LEVEL = 0;
				GCC_PREPROCESSOR_DEFINITIONS = (
					"DEBUG=1",
					"$(inherited)",
				);
				GCC_WARN_64_TO_32_BIT_CONVERSION = YES;
				GCC_WARN_ABOUT_RETURN_TYPE = YES_ERROR;
				GCC_WARN_UNDECLARED_SELECTOR = YES;
				GCC_WARN_UNINITIALIZED_AUTOS = YES_AGGRESSIVE;
				GCC_WARN_UNUSED_FUNCTION = YES;
				GCC_WARN_UNUSED_VARIABLE = YES;
				MTL_ENABLE_DEBUG_INFO = INCLUDE_SOURCE;
				MTL_FAST_MATH = YES;
				ONLY_ACTIVE_ARCH = YES;
				SWIFT_ACTIVE_COMPILATION_CONDITIONS = DEBUG;
				SWIFT_OPTIMIZATION_LEVEL = "-Onone";
			};
			name = Debug;
		};
		ED2C9B7028B679D0008BF314 /* Release */ = {
			isa = XCBuildConfiguration;
			buildSettings = {
				ALWAYS_SEARCH_USER_PATHS = NO;
				CLANG_ANALYZER_NONNULL = YES;
				CLANG_ANALYZER_NUMBER_OBJECT_CONVERSION = YES_AGGRESSIVE;
				CLANG_CXX_LANGUAGE_STANDARD = "gnu++17";
				CLANG_ENABLE_MODULES = YES;
				CLANG_ENABLE_OBJC_ARC = YES;
				CLANG_ENABLE_OBJC_WEAK = YES;
				CLANG_WARN_BLOCK_CAPTURE_AUTORELEASING = YES;
				CLANG_WARN_BOOL_CONVERSION = YES;
				CLANG_WARN_COMMA = YES;
				CLANG_WARN_CONSTANT_CONVERSION = YES;
				CLANG_WARN_DEPRECATED_OBJC_IMPLEMENTATIONS = YES;
				CLANG_WARN_DIRECT_OBJC_ISA_USAGE = YES_ERROR;
				CLANG_WARN_DOCUMENTATION_COMMENTS = YES;
				CLANG_WARN_EMPTY_BODY = YES;
				CLANG_WARN_ENUM_CONVERSION = YES;
				CLANG_WARN_INFINITE_RECURSION = YES;
				CLANG_WARN_INT_CONVERSION = YES;
				CLANG_WARN_NON_LITERAL_NULL_CONVERSION = YES;
				CLANG_WARN_OBJC_IMPLICIT_RETAIN_SELF = YES;
				CLANG_WARN_OBJC_LITERAL_CONVERSION = YES;
				CLANG_WARN_OBJC_ROOT_CLASS = YES_ERROR;
				CLANG_WARN_QUOTED_INCLUDE_IN_FRAMEWORK_HEADER = YES;
				CLANG_WARN_RANGE_LOOP_ANALYSIS = YES;
				CLANG_WARN_STRICT_PROTOTYPES = YES;
				CLANG_WARN_SUSPICIOUS_MOVE = YES;
				CLANG_WARN_UNGUARDED_AVAILABILITY = YES_AGGRESSIVE;
				CLANG_WARN_UNREACHABLE_CODE = YES;
				CLANG_WARN__DUPLICATE_METHOD_MATCH = YES;
				COPY_PHASE_STRIP = NO;
				DEBUG_INFORMATION_FORMAT = "dwarf-with-dsym";
				ENABLE_NS_ASSERTIONS = NO;
				ENABLE_STRICT_OBJC_MSGSEND = YES;
				GCC_C_LANGUAGE_STANDARD = gnu11;
				GCC_NO_COMMON_BLOCKS = YES;
				GCC_WARN_64_TO_32_BIT_CONVERSION = YES;
				GCC_WARN_ABOUT_RETURN_TYPE = YES_ERROR;
				GCC_WARN_UNDECLARED_SELECTOR = YES;
				GCC_WARN_UNINITIALIZED_AUTOS = YES_AGGRESSIVE;
				GCC_WARN_UNUSED_FUNCTION = YES;
				GCC_WARN_UNUSED_VARIABLE = YES;
				MTL_ENABLE_DEBUG_INFO = NO;
				MTL_FAST_MATH = YES;
				SWIFT_COMPILATION_MODE = wholemodule;
				SWIFT_OPTIMIZATION_LEVEL = "-O";
			};
			name = Release;
		};
		ED2C9B7228B679D0008BF314 /* Debug */ = {
			isa = XCBuildConfiguration;
			buildSettings = {
				ASSETCATALOG_COMPILER_APPICON_NAME = AppIcon;
				ASSETCATALOG_COMPILER_GLOBAL_ACCENT_COLOR_NAME = AccentColor;
				CODE_SIGN_ENTITLEMENTS = SwiftUIRant/SwiftUIRant.entitlements;
				CODE_SIGN_STYLE = Automatic;
				CURRENT_PROJECT_VERSION = 31;
				DEVELOPMENT_ASSET_PATHS = "SwiftUIRant/Preview\\ Content";
				DEVELOPMENT_TEAM = J8UL3VBQ4J;
				ENABLE_HARDENED_RUNTIME = YES;
				ENABLE_PREVIEWS = YES;
				GENERATE_INFOPLIST_FILE = YES;
				INFOPLIST_FILE = SwiftUIRant/Info.plist;
				INFOPLIST_KEY_CFBundleDisplayName = JoyRant;
				INFOPLIST_KEY_LSApplicationCategoryType = "public.app-category.social-networking";
				INFOPLIST_KEY_NSPhotoLibraryAddUsageDescription = "JoyDev requests access to your photo library to save images posted by users in rants and comments.";
				"INFOPLIST_KEY_UILaunchScreen_Generation[sdk=iphoneos*]" = YES;
				"INFOPLIST_KEY_UILaunchScreen_Generation[sdk=iphonesimulator*]" = YES;
				INFOPLIST_KEY_UISupportedInterfaceOrientations_iPad = "UIInterfaceOrientationPortrait UIInterfaceOrientationPortraitUpsideDown UIInterfaceOrientationLandscapeLeft UIInterfaceOrientationLandscapeRight";
				INFOPLIST_KEY_UISupportedInterfaceOrientations_iPhone = "UIInterfaceOrientationPortrait UIInterfaceOrientationLandscapeLeft UIInterfaceOrientationLandscapeRight";
				IPHONEOS_DEPLOYMENT_TARGET = 16.0;
				LD_RUNPATH_SEARCH_PATHS = "@executable_path/Frameworks";
				"LD_RUNPATH_SEARCH_PATHS[sdk=macosx*]" = "@executable_path/../Frameworks";
				MACOSX_DEPLOYMENT_TARGET = 13.0;
				MARKETING_VERSION = 1.0.1;
				PRODUCT_BUNDLE_IDENTIFIER = wilhelmoks.SwiftUIRant;
				PRODUCT_NAME = JoyRant;
				SDKROOT = auto;
				SUPPORTED_PLATFORMS = "iphoneos iphonesimulator macosx";
				SWIFT_EMIT_LOC_STRINGS = YES;
				SWIFT_VERSION = 5.0;
				TARGETED_DEVICE_FAMILY = "1,2";
			};
			name = Debug;
		};
		ED2C9B7328B679D0008BF314 /* Release */ = {
			isa = XCBuildConfiguration;
			buildSettings = {
				ASSETCATALOG_COMPILER_APPICON_NAME = AppIcon;
				ASSETCATALOG_COMPILER_GLOBAL_ACCENT_COLOR_NAME = AccentColor;
				CODE_SIGN_ENTITLEMENTS = SwiftUIRant/SwiftUIRant.entitlements;
				CODE_SIGN_STYLE = Automatic;
				CURRENT_PROJECT_VERSION = 31;
				DEVELOPMENT_ASSET_PATHS = "SwiftUIRant/Preview\\ Content";
				DEVELOPMENT_TEAM = J8UL3VBQ4J;
				ENABLE_HARDENED_RUNTIME = YES;
				ENABLE_PREVIEWS = YES;
				GENERATE_INFOPLIST_FILE = YES;
				INFOPLIST_FILE = SwiftUIRant/Info.plist;
				INFOPLIST_KEY_CFBundleDisplayName = JoyRant;
				INFOPLIST_KEY_LSApplicationCategoryType = "public.app-category.social-networking";
				INFOPLIST_KEY_NSPhotoLibraryAddUsageDescription = "JoyDev requests access to your photo library to save images posted by users in rants and comments.";
				"INFOPLIST_KEY_UILaunchScreen_Generation[sdk=iphoneos*]" = YES;
				"INFOPLIST_KEY_UILaunchScreen_Generation[sdk=iphonesimulator*]" = YES;
				INFOPLIST_KEY_UISupportedInterfaceOrientations_iPad = "UIInterfaceOrientationPortrait UIInterfaceOrientationPortraitUpsideDown UIInterfaceOrientationLandscapeLeft UIInterfaceOrientationLandscapeRight";
				INFOPLIST_KEY_UISupportedInterfaceOrientations_iPhone = "UIInterfaceOrientationPortrait UIInterfaceOrientationLandscapeLeft UIInterfaceOrientationLandscapeRight";
				IPHONEOS_DEPLOYMENT_TARGET = 16.0;
				LD_RUNPATH_SEARCH_PATHS = "@executable_path/Frameworks";
				"LD_RUNPATH_SEARCH_PATHS[sdk=macosx*]" = "@executable_path/../Frameworks";
				MACOSX_DEPLOYMENT_TARGET = 13.0;
				MARKETING_VERSION = 1.0.1;
				PRODUCT_BUNDLE_IDENTIFIER = wilhelmoks.SwiftUIRant;
				PRODUCT_NAME = JoyRant;
				SDKROOT = auto;
				SUPPORTED_PLATFORMS = "iphoneos iphonesimulator macosx";
				SWIFT_EMIT_LOC_STRINGS = YES;
				SWIFT_VERSION = 5.0;
				TARGETED_DEVICE_FAMILY = "1,2";
			};
			name = Release;
		};
/* End XCBuildConfiguration section */

/* Begin XCConfigurationList section */
		ED2C9B5D28B679CB008BF314 /* Build configuration list for PBXProject "SwiftUIRant" */ = {
			isa = XCConfigurationList;
			buildConfigurations = (
				ED2C9B6F28B679D0008BF314 /* Debug */,
				ED2C9B7028B679D0008BF314 /* Release */,
			);
			defaultConfigurationIsVisible = 0;
			defaultConfigurationName = Release;
		};
		ED2C9B7128B679D0008BF314 /* Build configuration list for PBXNativeTarget "SwiftUIRant" */ = {
			isa = XCConfigurationList;
			buildConfigurations = (
				ED2C9B7228B679D0008BF314 /* Debug */,
				ED2C9B7328B679D0008BF314 /* Release */,
			);
			defaultConfigurationIsVisible = 0;
			defaultConfigurationName = Release;
		};
/* End XCConfigurationList section */

/* Begin XCRemoteSwiftPackageReference section */
		0CED7FE12D19BA0A000B95A2 /* XCRemoteSwiftPackageReference "SwiftKeychainWrapper" */ = {
			isa = XCRemoteSwiftPackageReference;
			repositoryURL = "https://github.com/jrendel/SwiftKeychainWrapper";
			requirement = {
				kind = upToNextMajorVersion;
				minimumVersion = 4.0.1;
			};
		};
		0CED7FE42D19BAA2000B95A2 /* XCRemoteSwiftPackageReference "SwiftDevRantSDK" */ = {
			isa = XCRemoteSwiftPackageReference;
			repositoryURL = "https://github.com/WilhelmOks/SwiftDevRantSDK";
			requirement = {
				kind = upToNextMajorVersion;
				minimumVersion = 1.0.0;
			};
		};
		ED14DE5C28E08EBF005FCC9A /* XCRemoteSwiftPackageReference "swiftui-cached-async-image" */ = {
			isa = XCRemoteSwiftPackageReference;
			repositoryURL = "https://github.com/lorenzofiamingo/swiftui-cached-async-image";
			requirement = {
				kind = upToNextMajorVersion;
				minimumVersion = 2.0.0;
			};
		};
		ED2F3C4029E0148100A48877 /* XCRemoteSwiftPackageReference "ArrayBuilder" */ = {
			isa = XCRemoteSwiftPackageReference;
			repositoryURL = "https://github.com/WilhelmOks/ArrayBuilder.git";
			requirement = {
				kind = upToNextMajorVersion;
				minimumVersion = 1.0.0;
			};
		};
		ED427DD8291AE07500C3B30A /* XCRemoteSwiftPackageReference "swift-algorithms" */ = {
			isa = XCRemoteSwiftPackageReference;
			repositoryURL = "https://github.com/apple/swift-algorithms.git";
			requirement = {
				kind = upToNextMajorVersion;
				minimumVersion = 1.0.0;
			};
		};
		ED97D62A28E9CC4B00CFC418 /* XCRemoteSwiftPackageReference "HexColor" */ = {
			isa = XCRemoteSwiftPackageReference;
			repositoryURL = "https://github.com/WilhelmOks/HexColor.git";
			requirement = {
				kind = upToNextMajorVersion;
				minimumVersion = 1.0.0;
			};
		};
		EDD52B122B3C4C86005F04D3 /* XCRemoteSwiftPackageReference "swiftui-introspect" */ = {
			isa = XCRemoteSwiftPackageReference;
			repositoryURL = "https://github.com/siteline/swiftui-introspect.git";
			requirement = {
				kind = upToNextMajorVersion;
				minimumVersion = 1.1.1;
			};
		};
/* End XCRemoteSwiftPackageReference section */

/* Begin XCSwiftPackageProductDependency section */
		0C9030582D11A075009BCBC5 /* SwiftDevRant */ = {
			isa = XCSwiftPackageProductDependency;
			productName = SwiftDevRant;
		};
		0CED7FE22D19BA0A000B95A2 /* SwiftKeychainWrapper */ = {
			isa = XCSwiftPackageProductDependency;
			package = 0CED7FE12D19BA0A000B95A2 /* XCRemoteSwiftPackageReference "SwiftKeychainWrapper" */;
			productName = SwiftKeychainWrapper;
		};
		0CED7FE52D19BAA2000B95A2 /* SwiftDevRant */ = {
			isa = XCSwiftPackageProductDependency;
			package = 0CED7FE42D19BAA2000B95A2 /* XCRemoteSwiftPackageReference "SwiftDevRantSDK" */;
			productName = SwiftDevRant;
		};
		ED14DE5D28E08EBF005FCC9A /* CachedAsyncImage */ = {
			isa = XCSwiftPackageProductDependency;
			package = ED14DE5C28E08EBF005FCC9A /* XCRemoteSwiftPackageReference "swiftui-cached-async-image" */;
			productName = CachedAsyncImage;
		};
		ED2F3C4129E0148100A48877 /* ArrayBuilderModule */ = {
			isa = XCSwiftPackageProductDependency;
			package = ED2F3C4029E0148100A48877 /* XCRemoteSwiftPackageReference "ArrayBuilder" */;
			productName = ArrayBuilderModule;
		};
		ED427DD9291AE07500C3B30A /* Algorithms */ = {
			isa = XCSwiftPackageProductDependency;
			package = ED427DD8291AE07500C3B30A /* XCRemoteSwiftPackageReference "swift-algorithms" */;
			productName = Algorithms;
		};
		ED97D62B28E9CC4B00CFC418 /* HexUIColor */ = {
			isa = XCSwiftPackageProductDependency;
			package = ED97D62A28E9CC4B00CFC418 /* XCRemoteSwiftPackageReference "HexColor" */;
			productName = HexUIColor;
		};
		ED97D63028EB22C100CFC418 /* HexNSColor */ = {
			isa = XCSwiftPackageProductDependency;
			package = ED97D62A28E9CC4B00CFC418 /* XCRemoteSwiftPackageReference "HexColor" */;
			productName = HexNSColor;
		};
		EDD52B132B3C4C87005F04D3 /* SwiftUIIntrospect */ = {
			isa = XCSwiftPackageProductDependency;
			package = EDD52B122B3C4C86005F04D3 /* XCRemoteSwiftPackageReference "swiftui-introspect" */;
			productName = SwiftUIIntrospect;
		};
		EDD52B172B3C4C87005F04D3 /* SwiftUIIntrospect-Static */ = {
			isa = XCSwiftPackageProductDependency;
			package = EDD52B122B3C4C86005F04D3 /* XCRemoteSwiftPackageReference "swiftui-introspect" */;
			productName = "SwiftUIIntrospect-Static";
		};
/* End XCSwiftPackageProductDependency section */
	};
	rootObject = ED2C9B5A28B679CB008BF314 /* Project object */;
}
