// !$*UTF8*$!
{
	archiveVersion = 1;
	classes = {
	};
	objectVersion = 56;
	objects = {

/* Begin PBXBuildFile section */
		ED00E50B28DCC642000A01DC /* RantViewModel.swift in Sources */ = {isa = PBXBuildFile; fileRef = ED00E50A28DCC642000A01DC /* RantViewModel.swift */; };
		ED00E50D28DDB4E6000A01DC /* BroadcastEvent.swift in Sources */ = {isa = PBXBuildFile; fileRef = ED00E50C28DDB4E6000A01DC /* BroadcastEvent.swift */; };
		ED0FB7E928FF34D000E5163D /* WriteCommentView.swift in Sources */ = {isa = PBXBuildFile; fileRef = ED0FB7E828FF34D000E5163D /* WriteCommentView.swift */; };
		ED0FB7EB28FF350500E5163D /* WriteCommentViewModel.swift in Sources */ = {isa = PBXBuildFile; fileRef = ED0FB7EA28FF350500E5163D /* WriteCommentViewModel.swift */; };
		ED0FB7ED2901ADA900E5163D /* LoginStore.swift in Sources */ = {isa = PBXBuildFile; fileRef = ED0FB7EC2901ADA900E5163D /* LoginStore.swift */; };
		ED14DE5928E07A2F005FCC9A /* RantCommentViewModel.swift in Sources */ = {isa = PBXBuildFile; fileRef = ED14DE5828E07A2F005FCC9A /* RantCommentViewModel.swift */; };
		ED14DE5B28E08016005FCC9A /* UserAvatarView.swift in Sources */ = {isa = PBXBuildFile; fileRef = ED14DE5A28E08016005FCC9A /* UserAvatarView.swift */; };
		ED14DE5E28E08EBF005FCC9A /* CachedAsyncImage in Frameworks */ = {isa = PBXBuildFile; productRef = ED14DE5D28E08EBF005FCC9A /* CachedAsyncImage */; };
		ED14DE6028E090E7005FCC9A /* URLCache_Extension.swift in Sources */ = {isa = PBXBuildFile; fileRef = ED14DE5F28E090E7005FCC9A /* URLCache_Extension.swift */; };
		ED14DE6228E20E83005FCC9A /* RantInFeed+Rant.swift in Sources */ = {isa = PBXBuildFile; fileRef = ED14DE6128E20E83005FCC9A /* RantInFeed+Rant.swift */; };
		ED14DE6428E36241005FCC9A /* TimeFormatter.swift in Sources */ = {isa = PBXBuildFile; fileRef = ED14DE6328E36241005FCC9A /* TimeFormatter.swift */; };
		ED1B307728CCE1E4001A6A73 /* PostedImage.swift in Sources */ = {isa = PBXBuildFile; fileRef = ED1B307628CCE1E3001A6A73 /* PostedImage.swift */; };
		ED1B307928CCE921001A6A73 /* UserPanel.swift in Sources */ = {isa = PBXBuildFile; fileRef = ED1B307828CCE921001A6A73 /* UserPanel.swift */; };
		ED1B307B28CE0451001A6A73 /* View+Preview.swift in Sources */ = {isa = PBXBuildFile; fileRef = ED1B307A28CE0451001A6A73 /* View+Preview.swift */; };
		ED29859028BCD9AF0065D0E3 /* InternalView.swift in Sources */ = {isa = PBXBuildFile; fileRef = ED29858F28BCD9AF0065D0E3 /* InternalView.swift */; };
		ED2C9B6628B679CB008BF314 /* SwiftUIRantApp.swift in Sources */ = {isa = PBXBuildFile; fileRef = ED2C9B6528B679CB008BF314 /* SwiftUIRantApp.swift */; };
		ED2C9B6828B679CB008BF314 /* ContentView.swift in Sources */ = {isa = PBXBuildFile; fileRef = ED2C9B6728B679CB008BF314 /* ContentView.swift */; };
		ED2C9B6A28B679D0008BF314 /* Assets.xcassets in Resources */ = {isa = PBXBuildFile; fileRef = ED2C9B6928B679D0008BF314 /* Assets.xcassets */; };
		ED2C9B6E28B679D0008BF314 /* Preview Assets.xcassets in Resources */ = {isa = PBXBuildFile; fileRef = ED2C9B6D28B679D0008BF314 /* Preview Assets.xcassets */; };
		ED2C9B7628B67BB7008BF314 /* SwiftRant in Frameworks */ = {isa = PBXBuildFile; productRef = ED2C9B7528B67BB7008BF314 /* SwiftRant */; };
		ED2C9B7B28B67C53008BF314 /* LoginView.swift in Sources */ = {isa = PBXBuildFile; fileRef = ED2C9B7A28B67C52008BF314 /* LoginView.swift */; };
		ED2C9B7D28B67CFF008BF314 /* LoginViewModel.swift in Sources */ = {isa = PBXBuildFile; fileRef = ED2C9B7C28B67CFF008BF314 /* LoginViewModel.swift */; };
		ED2C9B7F28B69892008BF314 /* Logging.swift in Sources */ = {isa = PBXBuildFile; fileRef = ED2C9B7E28B69892008BF314 /* Logging.swift */; };
		ED2C9B8128B69D36008BF314 /* Networking.swift in Sources */ = {isa = PBXBuildFile; fileRef = ED2C9B8028B69D35008BF314 /* Networking.swift */; };
		ED33C2372903F31100A59A11 /* Models+IdTypes.swift in Sources */ = {isa = PBXBuildFile; fileRef = ED33C2362903F31100A59A11 /* Models+IdTypes.swift */; };
		ED33C23929040E3300A59A11 /* Models+TimeToModify.swift in Sources */ = {isa = PBXBuildFile; fileRef = ED33C23829040E3300A59A11 /* Models+TimeToModify.swift */; };
		ED33C23F2904178B00A59A11 /* SwiftUIRantError.swift in Sources */ = {isa = PBXBuildFile; fileRef = ED33C23E2904178B00A59A11 /* SwiftUIRantError.swift */; };
		ED398CA528FC57250012142B /* LoadingButton.swift in Sources */ = {isa = PBXBuildFile; fileRef = ED398CA428FC57250012142B /* LoadingButton.swift */; };
		ED398CA728FC59650012142B /* RefreshButton.swift in Sources */ = {isa = PBXBuildFile; fileRef = ED398CA628FC59650012142B /* RefreshButton.swift */; };
		ED59CEC428BCE0860007B698 /* AppState.swift in Sources */ = {isa = PBXBuildFile; fileRef = ED59CEC328BCE0860007B698 /* AppState.swift */; };
		ED59CEC728BCF6110007B698 /* AlertMessage.swift in Sources */ = {isa = PBXBuildFile; fileRef = ED59CEC628BCF6110007B698 /* AlertMessage.swift */; };
		ED59CECA28BD05D00007B698 /* FeedView.swift in Sources */ = {isa = PBXBuildFile; fileRef = ED59CEC928BD05D00007B698 /* FeedView.swift */; };
		ED59CECC28BD05E80007B698 /* FeedViewModel.swift in Sources */ = {isa = PBXBuildFile; fileRef = ED59CECB28BD05E80007B698 /* FeedViewModel.swift */; };
		ED59CED128BD0B110007B698 /* FeedRantView.swift in Sources */ = {isa = PBXBuildFile; fileRef = ED59CED028BD0B110007B698 /* FeedRantView.swift */; };
		ED59CED328BD0EC60007B698 /* DataStore.swift in Sources */ = {isa = PBXBuildFile; fileRef = ED59CED228BD0EC60007B698 /* DataStore.swift */; };
		ED59CED528BD103C0007B698 /* DataLoader.swift in Sources */ = {isa = PBXBuildFile; fileRef = ED59CED428BD103C0007B698 /* DataLoader.swift */; };
		ED59CED728BE71800007B698 /* VoteControl.swift in Sources */ = {isa = PBXBuildFile; fileRef = ED59CED628BE71800007B698 /* VoteControl.swift */; };
		ED59CED928C7861E0007B698 /* UserSettings.swift in Sources */ = {isa = PBXBuildFile; fileRef = ED59CED828C7861E0007B698 /* UserSettings.swift */; };
		ED59CEDC28C788010007B698 /* KeyPathModifiedCopyable.swift in Sources */ = {isa = PBXBuildFile; fileRef = ED59CEDB28C788010007B698 /* KeyPathModifiedCopyable.swift */; };
		ED59CEDF28C789B30007B698 /* Color.swift in Sources */ = {isa = PBXBuildFile; fileRef = ED59CEDE28C789B30007B698 /* Color.swift */; };
		ED59CEE128C78A8E0007B698 /* Text+FontExtensions.swift in Sources */ = {isa = PBXBuildFile; fileRef = ED59CEE028C78A8E0007B698 /* Text+FontExtensions.swift */; };
		ED59CEE328C78EAF0007B698 /* View+Fill.swift in Sources */ = {isa = PBXBuildFile; fileRef = ED59CEE228C78EAF0007B698 /* View+Fill.swift */; };
		ED59CEE528C78FC60007B698 /* View+NotificationCenter.swift in Sources */ = {isa = PBXBuildFile; fileRef = ED59CEE428C78FC60007B698 /* View+NotificationCenter.swift */; };
		ED59CEE828CB74180007B698 /* MockedModels.swift in Sources */ = {isa = PBXBuildFile; fileRef = ED59CEE728CB74180007B698 /* MockedModels.swift */; };
		ED91BF1B291589E000B400C4 /* AttributedString+devRant.swift in Sources */ = {isa = PBXBuildFile; fileRef = ED91BF1A291589E000B400C4 /* AttributedString+devRant.swift */; };
		ED97D62528E86F5200CFC418 /* CreationTimeView.swift in Sources */ = {isa = PBXBuildFile; fileRef = ED97D62428E86F5200CFC418 /* CreationTimeView.swift */; };
		ED97D62728E9C98900CFC418 /* RantExtensions.swift in Sources */ = {isa = PBXBuildFile; fileRef = ED97D62628E9C98900CFC418 /* RantExtensions.swift */; };
		ED97D62928E9C9E200CFC418 /* CommentExtensions.swift in Sources */ = {isa = PBXBuildFile; fileRef = ED97D62828E9C9E200CFC418 /* CommentExtensions.swift */; };
		ED97D62C28E9CC4B00CFC418 /* HexUIColor in Frameworks */ = {isa = PBXBuildFile; platformFilter = ios; productRef = ED97D62B28E9CC4B00CFC418 /* HexUIColor */; };
		ED97D62E28EAF46600CFC418 /* Color+Hex.swift in Sources */ = {isa = PBXBuildFile; fileRef = ED97D62D28EAF46600CFC418 /* Color+Hex.swift */; };
		ED97D63128EB22C100CFC418 /* HexNSColor in Frameworks */ = {isa = PBXBuildFile; platformFilters = (macos, ); productRef = ED97D63028EB22C100CFC418 /* HexNSColor */; };
		ED97D63428F1D4C700CFC418 /* SettingsView.swift in Sources */ = {isa = PBXBuildFile; fileRef = ED97D63328F1D4C700CFC418 /* SettingsView.swift */; };
		ED97D63728F3035C00CFC418 /* NotificationsView.swift in Sources */ = {isa = PBXBuildFile; fileRef = ED97D63628F3035C00CFC418 /* NotificationsView.swift */; };
		ED97D63928F44EA800CFC418 /* NotificationsViewModel.swift in Sources */ = {isa = PBXBuildFile; fileRef = ED97D63828F44EA800CFC418 /* NotificationsViewModel.swift */; };
		ED97D63B28F45FB500CFC418 /* View+OS.swift in Sources */ = {isa = PBXBuildFile; fileRef = ED97D63A28F45FB500CFC418 /* View+OS.swift */; };
		ED97D63F28F5921800CFC418 /* View+If.swift in Sources */ = {isa = PBXBuildFile; fileRef = ED97D63E28F5921800CFC418 /* View+If.swift */; };
		ED97D64128F5969600CFC418 /* NotificationRowView.swift in Sources */ = {isa = PBXBuildFile; fileRef = ED97D64028F5969600CFC418 /* NotificationRowView.swift */; };
		ED97D64328F5B1E500CFC418 /* Disambuguation.swift in Sources */ = {isa = PBXBuildFile; fileRef = ED97D64228F5B1E500CFC418 /* Disambuguation.swift */; };
		ED97D64528F8634500CFC418 /* Notification+Map.swift in Sources */ = {isa = PBXBuildFile; fileRef = ED97D64428F8634500CFC418 /* Notification+Map.swift */; };
		EDE2288C28CE15040025EDB1 /* FeedRantViewModel.swift in Sources */ = {isa = PBXBuildFile; fileRef = EDE2288B28CE15040025EDB1 /* FeedRantViewModel.swift */; };
		EDE2288E28D5E5670025EDB1 /* RantDetailsView.swift in Sources */ = {isa = PBXBuildFile; fileRef = EDE2288D28D5E5670025EDB1 /* RantDetailsView.swift */; };
		EDE2289128D5E5C90025EDB1 /* RantDetailsViewModel.swift in Sources */ = {isa = PBXBuildFile; fileRef = EDE2289028D5E5C90025EDB1 /* RantDetailsViewModel.swift */; };
		EDE2289328DB0FD90025EDB1 /* RantCommentView.swift in Sources */ = {isa = PBXBuildFile; fileRef = EDE2289228DB0FD90025EDB1 /* RantCommentView.swift */; };
		EDE2289528DB33660025EDB1 /* RantView.swift in Sources */ = {isa = PBXBuildFile; fileRef = EDE2289428DB33660025EDB1 /* RantView.swift */; };
		EDE2289728DB3F600025EDB1 /* VoteController.swift in Sources */ = {isa = PBXBuildFile; fileRef = EDE2289628DB3F600025EDB1 /* VoteController.swift */; };
/* End PBXBuildFile section */

/* Begin PBXFileReference section */
		ED00E50A28DCC642000A01DC /* RantViewModel.swift */ = {isa = PBXFileReference; lastKnownFileType = sourcecode.swift; path = RantViewModel.swift; sourceTree = "<group>"; };
		ED00E50C28DDB4E6000A01DC /* BroadcastEvent.swift */ = {isa = PBXFileReference; lastKnownFileType = sourcecode.swift; path = BroadcastEvent.swift; sourceTree = "<group>"; };
		ED0FB7E828FF34D000E5163D /* WriteCommentView.swift */ = {isa = PBXFileReference; lastKnownFileType = sourcecode.swift; path = WriteCommentView.swift; sourceTree = "<group>"; };
		ED0FB7EA28FF350500E5163D /* WriteCommentViewModel.swift */ = {isa = PBXFileReference; lastKnownFileType = sourcecode.swift; path = WriteCommentViewModel.swift; sourceTree = "<group>"; };
		ED0FB7EC2901ADA900E5163D /* LoginStore.swift */ = {isa = PBXFileReference; lastKnownFileType = sourcecode.swift; path = LoginStore.swift; sourceTree = "<group>"; };
		ED14DE5828E07A2F005FCC9A /* RantCommentViewModel.swift */ = {isa = PBXFileReference; lastKnownFileType = sourcecode.swift; path = RantCommentViewModel.swift; sourceTree = "<group>"; };
		ED14DE5A28E08016005FCC9A /* UserAvatarView.swift */ = {isa = PBXFileReference; lastKnownFileType = sourcecode.swift; path = UserAvatarView.swift; sourceTree = "<group>"; };
		ED14DE5F28E090E7005FCC9A /* URLCache_Extension.swift */ = {isa = PBXFileReference; lastKnownFileType = sourcecode.swift; path = URLCache_Extension.swift; sourceTree = "<group>"; };
		ED14DE6128E20E83005FCC9A /* RantInFeed+Rant.swift */ = {isa = PBXFileReference; lastKnownFileType = sourcecode.swift; path = "RantInFeed+Rant.swift"; sourceTree = "<group>"; };
		ED14DE6328E36241005FCC9A /* TimeFormatter.swift */ = {isa = PBXFileReference; lastKnownFileType = sourcecode.swift; path = TimeFormatter.swift; sourceTree = "<group>"; };
		ED1B307628CCE1E3001A6A73 /* PostedImage.swift */ = {isa = PBXFileReference; lastKnownFileType = sourcecode.swift; path = PostedImage.swift; sourceTree = "<group>"; };
		ED1B307828CCE921001A6A73 /* UserPanel.swift */ = {isa = PBXFileReference; lastKnownFileType = sourcecode.swift; path = UserPanel.swift; sourceTree = "<group>"; };
		ED1B307A28CE0451001A6A73 /* View+Preview.swift */ = {isa = PBXFileReference; lastKnownFileType = sourcecode.swift; path = "View+Preview.swift"; sourceTree = "<group>"; };
		ED29858F28BCD9AF0065D0E3 /* InternalView.swift */ = {isa = PBXFileReference; lastKnownFileType = sourcecode.swift; path = InternalView.swift; sourceTree = "<group>"; };
		ED2C9B6228B679CB008BF314 /* JoyRant.app */ = {isa = PBXFileReference; explicitFileType = wrapper.application; includeInIndex = 0; path = JoyRant.app; sourceTree = BUILT_PRODUCTS_DIR; };
		ED2C9B6528B679CB008BF314 /* SwiftUIRantApp.swift */ = {isa = PBXFileReference; lastKnownFileType = sourcecode.swift; path = SwiftUIRantApp.swift; sourceTree = "<group>"; };
		ED2C9B6728B679CB008BF314 /* ContentView.swift */ = {isa = PBXFileReference; lastKnownFileType = sourcecode.swift; path = ContentView.swift; sourceTree = "<group>"; };
		ED2C9B6928B679D0008BF314 /* Assets.xcassets */ = {isa = PBXFileReference; lastKnownFileType = folder.assetcatalog; path = Assets.xcassets; sourceTree = "<group>"; };
		ED2C9B6B28B679D0008BF314 /* SwiftUIRant.entitlements */ = {isa = PBXFileReference; lastKnownFileType = text.plist.entitlements; path = SwiftUIRant.entitlements; sourceTree = "<group>"; };
		ED2C9B6D28B679D0008BF314 /* Preview Assets.xcassets */ = {isa = PBXFileReference; lastKnownFileType = folder.assetcatalog; path = "Preview Assets.xcassets"; sourceTree = "<group>"; };
		ED2C9B7A28B67C52008BF314 /* LoginView.swift */ = {isa = PBXFileReference; lastKnownFileType = sourcecode.swift; path = LoginView.swift; sourceTree = "<group>"; };
		ED2C9B7C28B67CFF008BF314 /* LoginViewModel.swift */ = {isa = PBXFileReference; lastKnownFileType = sourcecode.swift; path = LoginViewModel.swift; sourceTree = "<group>"; };
		ED2C9B7E28B69892008BF314 /* Logging.swift */ = {isa = PBXFileReference; lastKnownFileType = sourcecode.swift; path = Logging.swift; sourceTree = "<group>"; };
		ED2C9B8028B69D35008BF314 /* Networking.swift */ = {isa = PBXFileReference; lastKnownFileType = sourcecode.swift; path = Networking.swift; sourceTree = "<group>"; };
		ED33C2362903F31100A59A11 /* Models+IdTypes.swift */ = {isa = PBXFileReference; lastKnownFileType = sourcecode.swift; path = "Models+IdTypes.swift"; sourceTree = "<group>"; };
		ED33C23829040E3300A59A11 /* Models+TimeToModify.swift */ = {isa = PBXFileReference; lastKnownFileType = sourcecode.swift; path = "Models+TimeToModify.swift"; sourceTree = "<group>"; };
		ED33C23E2904178B00A59A11 /* SwiftUIRantError.swift */ = {isa = PBXFileReference; lastKnownFileType = sourcecode.swift; path = SwiftUIRantError.swift; sourceTree = "<group>"; };
		ED398CA428FC57250012142B /* LoadingButton.swift */ = {isa = PBXFileReference; lastKnownFileType = sourcecode.swift; path = LoadingButton.swift; sourceTree = "<group>"; };
		ED398CA628FC59650012142B /* RefreshButton.swift */ = {isa = PBXFileReference; lastKnownFileType = sourcecode.swift; path = RefreshButton.swift; sourceTree = "<group>"; };
		ED59CEC328BCE0860007B698 /* AppState.swift */ = {isa = PBXFileReference; lastKnownFileType = sourcecode.swift; path = AppState.swift; sourceTree = "<group>"; };
		ED59CEC628BCF6110007B698 /* AlertMessage.swift */ = {isa = PBXFileReference; lastKnownFileType = sourcecode.swift; path = AlertMessage.swift; sourceTree = "<group>"; };
		ED59CEC928BD05D00007B698 /* FeedView.swift */ = {isa = PBXFileReference; lastKnownFileType = sourcecode.swift; path = FeedView.swift; sourceTree = "<group>"; };
		ED59CECB28BD05E80007B698 /* FeedViewModel.swift */ = {isa = PBXFileReference; lastKnownFileType = sourcecode.swift; path = FeedViewModel.swift; sourceTree = "<group>"; };
		ED59CED028BD0B110007B698 /* FeedRantView.swift */ = {isa = PBXFileReference; lastKnownFileType = sourcecode.swift; path = FeedRantView.swift; sourceTree = "<group>"; };
		ED59CED228BD0EC60007B698 /* DataStore.swift */ = {isa = PBXFileReference; lastKnownFileType = sourcecode.swift; path = DataStore.swift; sourceTree = "<group>"; };
		ED59CED428BD103C0007B698 /* DataLoader.swift */ = {isa = PBXFileReference; lastKnownFileType = sourcecode.swift; path = DataLoader.swift; sourceTree = "<group>"; };
		ED59CED628BE71800007B698 /* VoteControl.swift */ = {isa = PBXFileReference; lastKnownFileType = sourcecode.swift; path = VoteControl.swift; sourceTree = "<group>"; };
		ED59CED828C7861E0007B698 /* UserSettings.swift */ = {isa = PBXFileReference; lastKnownFileType = sourcecode.swift; path = UserSettings.swift; sourceTree = "<group>"; };
		ED59CEDB28C788010007B698 /* KeyPathModifiedCopyable.swift */ = {isa = PBXFileReference; lastKnownFileType = sourcecode.swift; path = KeyPathModifiedCopyable.swift; sourceTree = "<group>"; };
		ED59CEDE28C789B30007B698 /* Color.swift */ = {isa = PBXFileReference; lastKnownFileType = sourcecode.swift; path = Color.swift; sourceTree = "<group>"; };
		ED59CEE028C78A8E0007B698 /* Text+FontExtensions.swift */ = {isa = PBXFileReference; lastKnownFileType = sourcecode.swift; path = "Text+FontExtensions.swift"; sourceTree = "<group>"; };
		ED59CEE228C78EAF0007B698 /* View+Fill.swift */ = {isa = PBXFileReference; lastKnownFileType = sourcecode.swift; path = "View+Fill.swift"; sourceTree = "<group>"; };
		ED59CEE428C78FC60007B698 /* View+NotificationCenter.swift */ = {isa = PBXFileReference; lastKnownFileType = sourcecode.swift; path = "View+NotificationCenter.swift"; sourceTree = "<group>"; };
		ED59CEE728CB74180007B698 /* MockedModels.swift */ = {isa = PBXFileReference; lastKnownFileType = sourcecode.swift; path = MockedModels.swift; sourceTree = "<group>"; };
		ED8622D4290D3E7F0070A7D2 /* Info.plist */ = {isa = PBXFileReference; lastKnownFileType = text.plist; path = Info.plist; sourceTree = "<group>"; };
		ED91BF1A291589E000B400C4 /* AttributedString+devRant.swift */ = {isa = PBXFileReference; lastKnownFileType = sourcecode.swift; path = "AttributedString+devRant.swift"; sourceTree = "<group>"; };
		ED97D62428E86F5200CFC418 /* CreationTimeView.swift */ = {isa = PBXFileReference; lastKnownFileType = sourcecode.swift; path = CreationTimeView.swift; sourceTree = "<group>"; };
		ED97D62628E9C98900CFC418 /* RantExtensions.swift */ = {isa = PBXFileReference; lastKnownFileType = sourcecode.swift; path = RantExtensions.swift; sourceTree = "<group>"; };
		ED97D62828E9C9E200CFC418 /* CommentExtensions.swift */ = {isa = PBXFileReference; lastKnownFileType = sourcecode.swift; path = CommentExtensions.swift; sourceTree = "<group>"; };
		ED97D62D28EAF46600CFC418 /* Color+Hex.swift */ = {isa = PBXFileReference; lastKnownFileType = sourcecode.swift; path = "Color+Hex.swift"; sourceTree = "<group>"; };
		ED97D63328F1D4C700CFC418 /* SettingsView.swift */ = {isa = PBXFileReference; lastKnownFileType = sourcecode.swift; path = SettingsView.swift; sourceTree = "<group>"; };
		ED97D63628F3035C00CFC418 /* NotificationsView.swift */ = {isa = PBXFileReference; lastKnownFileType = sourcecode.swift; path = NotificationsView.swift; sourceTree = "<group>"; };
		ED97D63828F44EA800CFC418 /* NotificationsViewModel.swift */ = {isa = PBXFileReference; lastKnownFileType = sourcecode.swift; path = NotificationsViewModel.swift; sourceTree = "<group>"; };
		ED97D63A28F45FB500CFC418 /* View+OS.swift */ = {isa = PBXFileReference; lastKnownFileType = sourcecode.swift; path = "View+OS.swift"; sourceTree = "<group>"; };
		ED97D63E28F5921800CFC418 /* View+If.swift */ = {isa = PBXFileReference; lastKnownFileType = sourcecode.swift; path = "View+If.swift"; sourceTree = "<group>"; };
		ED97D64028F5969600CFC418 /* NotificationRowView.swift */ = {isa = PBXFileReference; lastKnownFileType = sourcecode.swift; path = NotificationRowView.swift; sourceTree = "<group>"; };
		ED97D64228F5B1E500CFC418 /* Disambuguation.swift */ = {isa = PBXFileReference; lastKnownFileType = sourcecode.swift; path = Disambuguation.swift; sourceTree = "<group>"; };
		ED97D64428F8634500CFC418 /* Notification+Map.swift */ = {isa = PBXFileReference; lastKnownFileType = sourcecode.swift; path = "Notification+Map.swift"; sourceTree = "<group>"; };
		EDE2288B28CE15040025EDB1 /* FeedRantViewModel.swift */ = {isa = PBXFileReference; lastKnownFileType = sourcecode.swift; path = FeedRantViewModel.swift; sourceTree = "<group>"; };
		EDE2288D28D5E5670025EDB1 /* RantDetailsView.swift */ = {isa = PBXFileReference; lastKnownFileType = sourcecode.swift; path = RantDetailsView.swift; sourceTree = "<group>"; };
		EDE2289028D5E5C90025EDB1 /* RantDetailsViewModel.swift */ = {isa = PBXFileReference; lastKnownFileType = sourcecode.swift; path = RantDetailsViewModel.swift; sourceTree = "<group>"; };
		EDE2289228DB0FD90025EDB1 /* RantCommentView.swift */ = {isa = PBXFileReference; lastKnownFileType = sourcecode.swift; path = RantCommentView.swift; sourceTree = "<group>"; };
		EDE2289428DB33660025EDB1 /* RantView.swift */ = {isa = PBXFileReference; lastKnownFileType = sourcecode.swift; path = RantView.swift; sourceTree = "<group>"; };
		EDE2289628DB3F600025EDB1 /* VoteController.swift */ = {isa = PBXFileReference; lastKnownFileType = sourcecode.swift; path = VoteController.swift; sourceTree = "<group>"; };
/* End PBXFileReference section */

/* Begin PBXFrameworksBuildPhase section */
		ED2C9B5F28B679CB008BF314 /* Frameworks */ = {
			isa = PBXFrameworksBuildPhase;
			buildActionMask = 2147483647;
			files = (
				ED2C9B7628B67BB7008BF314 /* SwiftRant in Frameworks */,
				ED14DE5E28E08EBF005FCC9A /* CachedAsyncImage in Frameworks */,
				ED97D62C28E9CC4B00CFC418 /* HexUIColor in Frameworks */,
				ED97D63128EB22C100CFC418 /* HexNSColor in Frameworks */,
			);
			runOnlyForDeploymentPostprocessing = 0;
		};
/* End PBXFrameworksBuildPhase section */

/* Begin PBXGroup section */
		ED0FB7E728FF348400E5163D /* WriteComment */ = {
			isa = PBXGroup;
			children = (
				ED0FB7E828FF34D000E5163D /* WriteCommentView.swift */,
				ED0FB7EA28FF350500E5163D /* WriteCommentViewModel.swift */,
			);
			path = WriteComment;
			sourceTree = "<group>";
		};
		ED2C9B5928B679CB008BF314 = {
			isa = PBXGroup;
			children = (
				ED2C9B6428B679CB008BF314 /* SwiftUIRant */,
				ED2C9B6328B679CB008BF314 /* Products */,
				ED97D62F28EB22C100CFC418 /* Frameworks */,
			);
			sourceTree = "<group>";
		};
		ED2C9B6328B679CB008BF314 /* Products */ = {
			isa = PBXGroup;
			children = (
				ED2C9B6228B679CB008BF314 /* JoyRant.app */,
			);
			name = Products;
			sourceTree = "<group>";
		};
		ED2C9B6428B679CB008BF314 /* SwiftUIRant */ = {
			isa = PBXGroup;
			children = (
				ED8622D4290D3E7F0070A7D2 /* Info.plist */,
				ED2C9B6528B679CB008BF314 /* SwiftUIRantApp.swift */,
				ED59CEC328BCE0860007B698 /* AppState.swift */,
				ED2C9B8028B69D35008BF314 /* Networking.swift */,
				ED2C9B7E28B69892008BF314 /* Logging.swift */,
				ED0FB7EC2901ADA900E5163D /* LoginStore.swift */,
				ED59CED228BD0EC60007B698 /* DataStore.swift */,
				ED59CED428BD103C0007B698 /* DataLoader.swift */,
				ED2C9B6928B679D0008BF314 /* Assets.xcassets */,
				ED2C9B6B28B679D0008BF314 /* SwiftUIRant.entitlements */,
				ED59CEDA28C787D80007B698 /* Util */,
				ED59CEE628CB73F10007B698 /* Model Extensions */,
				ED2C9B7728B67BD2008BF314 /* UI */,
				ED2C9B6C28B679D0008BF314 /* Preview Content */,
			);
			path = SwiftUIRant;
			sourceTree = "<group>";
		};
		ED2C9B6C28B679D0008BF314 /* Preview Content */ = {
			isa = PBXGroup;
			children = (
				ED2C9B6D28B679D0008BF314 /* Preview Assets.xcassets */,
			);
			path = "Preview Content";
			sourceTree = "<group>";
		};
		ED2C9B7728B67BD2008BF314 /* UI */ = {
			isa = PBXGroup;
			children = (
				ED59CEDD28C789A00007B698 /* Style */,
				ED59CEC528BCF5E30007B698 /* Util */,
				ED59CECF28BD0A8D0007B698 /* Views */,
				ED2C9B7828B67BDE008BF314 /* Screens */,
			);
			path = UI;
			sourceTree = "<group>";
		};
		ED2C9B7828B67BDE008BF314 /* Screens */ = {
			isa = PBXGroup;
			children = (
				ED2C9B6728B679CB008BF314 /* ContentView.swift */,
				ED29858F28BCD9AF0065D0E3 /* InternalView.swift */,
				ED2C9B7928B67BF4008BF314 /* Login */,
				ED59CEC828BD04A80007B698 /* Feed */,
				EDE2288F28D5E5710025EDB1 /* RantDetails */,
				ED0FB7E728FF348400E5163D /* WriteComment */,
				ED97D63528F302D500CFC418 /* Notifications */,
				ED97D63228F1D4AD00CFC418 /* Settings */,
			);
			path = Screens;
			sourceTree = "<group>";
		};
		ED2C9B7928B67BF4008BF314 /* Login */ = {
			isa = PBXGroup;
			children = (
				ED2C9B7A28B67C52008BF314 /* LoginView.swift */,
				ED2C9B7C28B67CFF008BF314 /* LoginViewModel.swift */,
			);
			path = Login;
			sourceTree = "<group>";
		};
		ED59CEC528BCF5E30007B698 /* Util */ = {
			isa = PBXGroup;
			children = (
				ED59CEC628BCF6110007B698 /* AlertMessage.swift */,
				ED97D62D28EAF46600CFC418 /* Color+Hex.swift */,
				ED59CEE228C78EAF0007B698 /* View+Fill.swift */,
				ED59CEE428C78FC60007B698 /* View+NotificationCenter.swift */,
				ED1B307A28CE0451001A6A73 /* View+Preview.swift */,
				ED97D63A28F45FB500CFC418 /* View+OS.swift */,
				ED97D63E28F5921800CFC418 /* View+If.swift */,
				ED91BF1A291589E000B400C4 /* AttributedString+devRant.swift */,
			);
			path = Util;
			sourceTree = "<group>";
		};
		ED59CEC828BD04A80007B698 /* Feed */ = {
			isa = PBXGroup;
			children = (
				ED59CEC928BD05D00007B698 /* FeedView.swift */,
				ED59CECB28BD05E80007B698 /* FeedViewModel.swift */,
				ED59CED028BD0B110007B698 /* FeedRantView.swift */,
				EDE2288B28CE15040025EDB1 /* FeedRantViewModel.swift */,
			);
			path = Feed;
			sourceTree = "<group>";
		};
		ED59CECF28BD0A8D0007B698 /* Views */ = {
			isa = PBXGroup;
			children = (
				ED59CED628BE71800007B698 /* VoteControl.swift */,
				ED1B307628CCE1E3001A6A73 /* PostedImage.swift */,
				ED1B307828CCE921001A6A73 /* UserPanel.swift */,
				ED14DE5A28E08016005FCC9A /* UserAvatarView.swift */,
				ED97D62428E86F5200CFC418 /* CreationTimeView.swift */,
				ED398CA428FC57250012142B /* LoadingButton.swift */,
				ED398CA628FC59650012142B /* RefreshButton.swift */,
			);
			path = Views;
			sourceTree = "<group>";
		};
		ED59CEDA28C787D80007B698 /* Util */ = {
			isa = PBXGroup;
			children = (
				ED00E50C28DDB4E6000A01DC /* BroadcastEvent.swift */,
				ED59CEDB28C788010007B698 /* KeyPathModifiedCopyable.swift */,
				ED59CED828C7861E0007B698 /* UserSettings.swift */,
				EDE2289628DB3F600025EDB1 /* VoteController.swift */,
				ED14DE5F28E090E7005FCC9A /* URLCache_Extension.swift */,
				ED14DE6328E36241005FCC9A /* TimeFormatter.swift */,
				ED33C23E2904178B00A59A11 /* SwiftUIRantError.swift */,
			);
			path = Util;
			sourceTree = "<group>";
		};
		ED59CEDD28C789A00007B698 /* Style */ = {
			isa = PBXGroup;
			children = (
				ED59CEDE28C789B30007B698 /* Color.swift */,
				ED59CEE028C78A8E0007B698 /* Text+FontExtensions.swift */,
			);
			path = Style;
			sourceTree = "<group>";
		};
		ED59CEE628CB73F10007B698 /* Model Extensions */ = {
			isa = PBXGroup;
			children = (
				ED59CEE728CB74180007B698 /* MockedModels.swift */,
				ED14DE6128E20E83005FCC9A /* RantInFeed+Rant.swift */,
				ED97D62628E9C98900CFC418 /* RantExtensions.swift */,
				ED97D62828E9C9E200CFC418 /* CommentExtensions.swift */,
				ED97D64228F5B1E500CFC418 /* Disambuguation.swift */,
				ED97D64428F8634500CFC418 /* Notification+Map.swift */,
				ED33C2362903F31100A59A11 /* Models+IdTypes.swift */,
				ED33C23829040E3300A59A11 /* Models+TimeToModify.swift */,
			);
			path = "Model Extensions";
			sourceTree = "<group>";
		};
		ED97D62F28EB22C100CFC418 /* Frameworks */ = {
			isa = PBXGroup;
			children = (
			);
			name = Frameworks;
			sourceTree = "<group>";
		};
		ED97D63228F1D4AD00CFC418 /* Settings */ = {
			isa = PBXGroup;
			children = (
				ED97D63328F1D4C700CFC418 /* SettingsView.swift */,
			);
			path = Settings;
			sourceTree = "<group>";
		};
		ED97D63528F302D500CFC418 /* Notifications */ = {
			isa = PBXGroup;
			children = (
				ED97D63628F3035C00CFC418 /* NotificationsView.swift */,
				ED97D63828F44EA800CFC418 /* NotificationsViewModel.swift */,
				ED97D64028F5969600CFC418 /* NotificationRowView.swift */,
			);
			path = Notifications;
			sourceTree = "<group>";
		};
		EDE2288F28D5E5710025EDB1 /* RantDetails */ = {
			isa = PBXGroup;
			children = (
				EDE2288D28D5E5670025EDB1 /* RantDetailsView.swift */,
				EDE2289028D5E5C90025EDB1 /* RantDetailsViewModel.swift */,
				EDE2289428DB33660025EDB1 /* RantView.swift */,
				ED00E50A28DCC642000A01DC /* RantViewModel.swift */,
				EDE2289228DB0FD90025EDB1 /* RantCommentView.swift */,
				ED14DE5828E07A2F005FCC9A /* RantCommentViewModel.swift */,
			);
			path = RantDetails;
			sourceTree = "<group>";
		};
/* End PBXGroup section */

/* Begin PBXNativeTarget section */
		ED2C9B6128B679CB008BF314 /* SwiftUIRant */ = {
			isa = PBXNativeTarget;
			buildConfigurationList = ED2C9B7128B679D0008BF314 /* Build configuration list for PBXNativeTarget "SwiftUIRant" */;
			buildPhases = (
				ED2C9B5E28B679CB008BF314 /* Sources */,
				ED2C9B5F28B679CB008BF314 /* Frameworks */,
				ED2C9B6028B679CB008BF314 /* Resources */,
			);
			buildRules = (
			);
			dependencies = (
			);
			name = SwiftUIRant;
			packageProductDependencies = (
				ED2C9B7528B67BB7008BF314 /* SwiftRant */,
				ED14DE5D28E08EBF005FCC9A /* CachedAsyncImage */,
				ED97D62B28E9CC4B00CFC418 /* HexUIColor */,
				ED97D63028EB22C100CFC418 /* HexNSColor */,
			);
			productName = SwiftUIRant;
			productReference = ED2C9B6228B679CB008BF314 /* JoyRant.app */;
			productType = "com.apple.product-type.application";
		};
/* End PBXNativeTarget section */

/* Begin PBXProject section */
		ED2C9B5A28B679CB008BF314 /* Project object */ = {
			isa = PBXProject;
			attributes = {
				BuildIndependentTargetsInParallel = 1;
				LastSwiftUpdateCheck = 1400;
				LastUpgradeCheck = 1400;
				TargetAttributes = {
					ED2C9B6128B679CB008BF314 = {
						CreatedOnToolsVersion = 14.0;
					};
				};
			};
			buildConfigurationList = ED2C9B5D28B679CB008BF314 /* Build configuration list for PBXProject "SwiftUIRant" */;
			compatibilityVersion = "Xcode 14.0";
			developmentRegion = en;
			hasScannedForEncodings = 0;
			knownRegions = (
				en,
				Base,
			);
			mainGroup = ED2C9B5928B679CB008BF314;
			packageReferences = (
				ED2C9B7428B67BB7008BF314 /* XCRemoteSwiftPackageReference "SwiftRant" */,
				ED14DE5C28E08EBF005FCC9A /* XCRemoteSwiftPackageReference "swiftui-cached-async-image" */,
				ED97D62A28E9CC4B00CFC418 /* XCRemoteSwiftPackageReference "HexColor" */,
			);
			productRefGroup = ED2C9B6328B679CB008BF314 /* Products */;
			projectDirPath = "";
			projectRoot = "";
			targets = (
				ED2C9B6128B679CB008BF314 /* SwiftUIRant */,
			);
		};
/* End PBXProject section */

/* Begin PBXResourcesBuildPhase section */
		ED2C9B6028B679CB008BF314 /* Resources */ = {
			isa = PBXResourcesBuildPhase;
			buildActionMask = 2147483647;
			files = (
				ED2C9B6E28B679D0008BF314 /* Preview Assets.xcassets in Resources */,
				ED2C9B6A28B679D0008BF314 /* Assets.xcassets in Resources */,
			);
			runOnlyForDeploymentPostprocessing = 0;
		};
/* End PBXResourcesBuildPhase section */

/* Begin PBXSourcesBuildPhase section */
		ED2C9B5E28B679CB008BF314 /* Sources */ = {
			isa = PBXSourcesBuildPhase;
			buildActionMask = 2147483647;
			files = (
				ED59CED328BD0EC60007B698 /* DataStore.swift in Sources */,
				ED1B307928CCE921001A6A73 /* UserPanel.swift in Sources */,
				ED59CEE528C78FC60007B698 /* View+NotificationCenter.swift in Sources */,
				ED97D63728F3035C00CFC418 /* NotificationsView.swift in Sources */,
				ED0FB7EB28FF350500E5163D /* WriteCommentViewModel.swift in Sources */,
				ED59CECC28BD05E80007B698 /* FeedViewModel.swift in Sources */,
				ED97D63928F44EA800CFC418 /* NotificationsViewModel.swift in Sources */,
				ED33C23929040E3300A59A11 /* Models+TimeToModify.swift in Sources */,
				ED59CED528BD103C0007B698 /* DataLoader.swift in Sources */,
				ED97D64528F8634500CFC418 /* Notification+Map.swift in Sources */,
				EDE2289728DB3F600025EDB1 /* VoteController.swift in Sources */,
				EDE2288E28D5E5670025EDB1 /* RantDetailsView.swift in Sources */,
				ED0FB7E928FF34D000E5163D /* WriteCommentView.swift in Sources */,
				ED59CEE328C78EAF0007B698 /* View+Fill.swift in Sources */,
				ED97D63F28F5921800CFC418 /* View+If.swift in Sources */,
				ED59CEDC28C788010007B698 /* KeyPathModifiedCopyable.swift in Sources */,
				ED14DE5928E07A2F005FCC9A /* RantCommentViewModel.swift in Sources */,
				ED33C2372903F31100A59A11 /* Models+IdTypes.swift in Sources */,
				ED14DE6028E090E7005FCC9A /* URLCache_Extension.swift in Sources */,
				ED97D62528E86F5200CFC418 /* CreationTimeView.swift in Sources */,
				ED97D63428F1D4C700CFC418 /* SettingsView.swift in Sources */,
				ED2C9B7D28B67CFF008BF314 /* LoginViewModel.swift in Sources */,
				ED59CEE128C78A8E0007B698 /* Text+FontExtensions.swift in Sources */,
				ED97D64328F5B1E500CFC418 /* Disambuguation.swift in Sources */,
				ED59CEC728BCF6110007B698 /* AlertMessage.swift in Sources */,
				EDE2289528DB33660025EDB1 /* RantView.swift in Sources */,
				ED2C9B7F28B69892008BF314 /* Logging.swift in Sources */,
				EDE2289128D5E5C90025EDB1 /* RantDetailsViewModel.swift in Sources */,
				ED00E50B28DCC642000A01DC /* RantViewModel.swift in Sources */,
				ED91BF1B291589E000B400C4 /* AttributedString+devRant.swift in Sources */,
				ED29859028BCD9AF0065D0E3 /* InternalView.swift in Sources */,
				ED59CEC428BCE0860007B698 /* AppState.swift in Sources */,
				ED398CA528FC57250012142B /* LoadingButton.swift in Sources */,
				ED00E50D28DDB4E6000A01DC /* BroadcastEvent.swift in Sources */,
				ED59CED728BE71800007B698 /* VoteControl.swift in Sources */,
				ED2C9B7B28B67C53008BF314 /* LoginView.swift in Sources */,
				ED1B307B28CE0451001A6A73 /* View+Preview.swift in Sources */,
				ED2C9B6828B679CB008BF314 /* ContentView.swift in Sources */,
				ED97D64128F5969600CFC418 /* NotificationRowView.swift in Sources */,
				ED59CECA28BD05D00007B698 /* FeedView.swift in Sources */,
				EDE2288C28CE15040025EDB1 /* FeedRantViewModel.swift in Sources */,
				ED1B307728CCE1E4001A6A73 /* PostedImage.swift in Sources */,
				ED14DE5B28E08016005FCC9A /* UserAvatarView.swift in Sources */,
				ED14DE6428E36241005FCC9A /* TimeFormatter.swift in Sources */,
				ED97D62928E9C9E200CFC418 /* CommentExtensions.swift in Sources */,
				ED2C9B6628B679CB008BF314 /* SwiftUIRantApp.swift in Sources */,
				ED14DE6228E20E83005FCC9A /* RantInFeed+Rant.swift in Sources */,
				ED59CED928C7861E0007B698 /* UserSettings.swift in Sources */,
				ED97D62E28EAF46600CFC418 /* Color+Hex.swift in Sources */,
				ED59CEE828CB74180007B698 /* MockedModels.swift in Sources */,
				ED0FB7ED2901ADA900E5163D /* LoginStore.swift in Sources */,
				ED59CED128BD0B110007B698 /* FeedRantView.swift in Sources */,
				ED97D62728E9C98900CFC418 /* RantExtensions.swift in Sources */,
				ED2C9B8128B69D36008BF314 /* Networking.swift in Sources */,
				EDE2289328DB0FD90025EDB1 /* RantCommentView.swift in Sources */,
				ED33C23F2904178B00A59A11 /* SwiftUIRantError.swift in Sources */,
				ED398CA728FC59650012142B /* RefreshButton.swift in Sources */,
				ED97D63B28F45FB500CFC418 /* View+OS.swift in Sources */,
				ED59CEDF28C789B30007B698 /* Color.swift in Sources */,
			);
			runOnlyForDeploymentPostprocessing = 0;
		};
/* End PBXSourcesBuildPhase section */

/* Begin XCBuildConfiguration section */
		ED2C9B6F28B679D0008BF314 /* Debug */ = {
			isa = XCBuildConfiguration;
			buildSettings = {
				ALWAYS_SEARCH_USER_PATHS = NO;
				CLANG_ANALYZER_NONNULL = YES;
				CLANG_ANALYZER_NUMBER_OBJECT_CONVERSION = YES_AGGRESSIVE;
				CLANG_CXX_LANGUAGE_STANDARD = "gnu++17";
				CLANG_ENABLE_MODULES = YES;
				CLANG_ENABLE_OBJC_ARC = YES;
				CLANG_ENABLE_OBJC_WEAK = YES;
				CLANG_WARN_BLOCK_CAPTURE_AUTORELEASING = YES;
				CLANG_WARN_BOOL_CONVERSION = YES;
				CLANG_WARN_COMMA = YES;
				CLANG_WARN_CONSTANT_CONVERSION = YES;
				CLANG_WARN_DEPRECATED_OBJC_IMPLEMENTATIONS = YES;
				CLANG_WARN_DIRECT_OBJC_ISA_USAGE = YES_ERROR;
				CLANG_WARN_DOCUMENTATION_COMMENTS = YES;
				CLANG_WARN_EMPTY_BODY = YES;
				CLANG_WARN_ENUM_CONVERSION = YES;
				CLANG_WARN_INFINITE_RECURSION = YES;
				CLANG_WARN_INT_CONVERSION = YES;
				CLANG_WARN_NON_LITERAL_NULL_CONVERSION = YES;
				CLANG_WARN_OBJC_IMPLICIT_RETAIN_SELF = YES;
				CLANG_WARN_OBJC_LITERAL_CONVERSION = YES;
				CLANG_WARN_OBJC_ROOT_CLASS = YES_ERROR;
				CLANG_WARN_QUOTED_INCLUDE_IN_FRAMEWORK_HEADER = YES;
				CLANG_WARN_RANGE_LOOP_ANALYSIS = YES;
				CLANG_WARN_STRICT_PROTOTYPES = YES;
				CLANG_WARN_SUSPICIOUS_MOVE = YES;
				CLANG_WARN_UNGUARDED_AVAILABILITY = YES_AGGRESSIVE;
				CLANG_WARN_UNREACHABLE_CODE = YES;
				CLANG_WARN__DUPLICATE_METHOD_MATCH = YES;
				COPY_PHASE_STRIP = NO;
				DEBUG_INFORMATION_FORMAT = dwarf;
				ENABLE_STRICT_OBJC_MSGSEND = YES;
				ENABLE_TESTABILITY = YES;
				GCC_C_LANGUAGE_STANDARD = gnu11;
				GCC_DYNAMIC_NO_PIC = NO;
				GCC_NO_COMMON_BLOCKS = YES;
				GCC_OPTIMIZATION_LEVEL = 0;
				GCC_PREPROCESSOR_DEFINITIONS = (
					"DEBUG=1",
					"$(inherited)",
				);
				GCC_WARN_64_TO_32_BIT_CONVERSION = YES;
				GCC_WARN_ABOUT_RETURN_TYPE = YES_ERROR;
				GCC_WARN_UNDECLARED_SELECTOR = YES;
				GCC_WARN_UNINITIALIZED_AUTOS = YES_AGGRESSIVE;
				GCC_WARN_UNUSED_FUNCTION = YES;
				GCC_WARN_UNUSED_VARIABLE = YES;
				MTL_ENABLE_DEBUG_INFO = INCLUDE_SOURCE;
				MTL_FAST_MATH = YES;
				ONLY_ACTIVE_ARCH = YES;
				SWIFT_ACTIVE_COMPILATION_CONDITIONS = DEBUG;
				SWIFT_OPTIMIZATION_LEVEL = "-Onone";
			};
			name = Debug;
		};
		ED2C9B7028B679D0008BF314 /* Release */ = {
			isa = XCBuildConfiguration;
			buildSettings = {
				ALWAYS_SEARCH_USER_PATHS = NO;
				CLANG_ANALYZER_NONNULL = YES;
				CLANG_ANALYZER_NUMBER_OBJECT_CONVERSION = YES_AGGRESSIVE;
				CLANG_CXX_LANGUAGE_STANDARD = "gnu++17";
				CLANG_ENABLE_MODULES = YES;
				CLANG_ENABLE_OBJC_ARC = YES;
				CLANG_ENABLE_OBJC_WEAK = YES;
				CLANG_WARN_BLOCK_CAPTURE_AUTORELEASING = YES;
				CLANG_WARN_BOOL_CONVERSION = YES;
				CLANG_WARN_COMMA = YES;
				CLANG_WARN_CONSTANT_CONVERSION = YES;
				CLANG_WARN_DEPRECATED_OBJC_IMPLEMENTATIONS = YES;
				CLANG_WARN_DIRECT_OBJC_ISA_USAGE = YES_ERROR;
				CLANG_WARN_DOCUMENTATION_COMMENTS = YES;
				CLANG_WARN_EMPTY_BODY = YES;
				CLANG_WARN_ENUM_CONVERSION = YES;
				CLANG_WARN_INFINITE_RECURSION = YES;
				CLANG_WARN_INT_CONVERSION = YES;
				CLANG_WARN_NON_LITERAL_NULL_CONVERSION = YES;
				CLANG_WARN_OBJC_IMPLICIT_RETAIN_SELF = YES;
				CLANG_WARN_OBJC_LITERAL_CONVERSION = YES;
				CLANG_WARN_OBJC_ROOT_CLASS = YES_ERROR;
				CLANG_WARN_QUOTED_INCLUDE_IN_FRAMEWORK_HEADER = YES;
				CLANG_WARN_RANGE_LOOP_ANALYSIS = YES;
				CLANG_WARN_STRICT_PROTOTYPES = YES;
				CLANG_WARN_SUSPICIOUS_MOVE = YES;
				CLANG_WARN_UNGUARDED_AVAILABILITY = YES_AGGRESSIVE;
				CLANG_WARN_UNREACHABLE_CODE = YES;
				CLANG_WARN__DUPLICATE_METHOD_MATCH = YES;
				COPY_PHASE_STRIP = NO;
				DEBUG_INFORMATION_FORMAT = "dwarf-with-dsym";
				ENABLE_NS_ASSERTIONS = NO;
				ENABLE_STRICT_OBJC_MSGSEND = YES;
				GCC_C_LANGUAGE_STANDARD = gnu11;
				GCC_NO_COMMON_BLOCKS = YES;
				GCC_WARN_64_TO_32_BIT_CONVERSION = YES;
				GCC_WARN_ABOUT_RETURN_TYPE = YES_ERROR;
				GCC_WARN_UNDECLARED_SELECTOR = YES;
				GCC_WARN_UNINITIALIZED_AUTOS = YES_AGGRESSIVE;
				GCC_WARN_UNUSED_FUNCTION = YES;
				GCC_WARN_UNUSED_VARIABLE = YES;
				MTL_ENABLE_DEBUG_INFO = NO;
				MTL_FAST_MATH = YES;
				SWIFT_COMPILATION_MODE = wholemodule;
				SWIFT_OPTIMIZATION_LEVEL = "-O";
			};
			name = Release;
		};
		ED2C9B7228B679D0008BF314 /* Debug */ = {
			isa = XCBuildConfiguration;
			buildSettings = {
				ASSETCATALOG_COMPILER_APPICON_NAME = AppIcon;
				ASSETCATALOG_COMPILER_GLOBAL_ACCENT_COLOR_NAME = AccentColor;
				CODE_SIGN_ENTITLEMENTS = SwiftUIRant/SwiftUIRant.entitlements;
				CODE_SIGN_STYLE = Automatic;
				CURRENT_PROJECT_VERSION = 7;
				DEVELOPMENT_ASSET_PATHS = "\"SwiftUIRant/Preview Content\"";
				DEVELOPMENT_TEAM = J8UL3VBQ4J;
				ENABLE_HARDENED_RUNTIME = YES;
				ENABLE_PREVIEWS = YES;
				GENERATE_INFOPLIST_FILE = YES;
				INFOPLIST_FILE = SwiftUIRant/Info.plist;
				INFOPLIST_KEY_CFBundleDisplayName = JoyRant;
				INFOPLIST_KEY_LSApplicationCategoryType = "public.app-category.social-networking";
				"INFOPLIST_KEY_UILaunchScreen_Generation[sdk=iphoneos*]" = YES;
				"INFOPLIST_KEY_UILaunchScreen_Generation[sdk=iphonesimulator*]" = YES;
				INFOPLIST_KEY_UISupportedInterfaceOrientations_iPad = "UIInterfaceOrientationPortrait UIInterfaceOrientationPortraitUpsideDown UIInterfaceOrientationLandscapeLeft UIInterfaceOrientationLandscapeRight";
				INFOPLIST_KEY_UISupportedInterfaceOrientations_iPhone = "UIInterfaceOrientationPortrait UIInterfaceOrientationLandscapeLeft UIInterfaceOrientationLandscapeRight";
				IPHONEOS_DEPLOYMENT_TARGET = 16.0;
				LD_RUNPATH_SEARCH_PATHS = "@executable_path/Frameworks";
				"LD_RUNPATH_SEARCH_PATHS[sdk=macosx*]" = "@executable_path/../Frameworks";
				MACOSX_DEPLOYMENT_TARGET = 13.0;
				MARKETING_VERSION = 1.0.1;
				PRODUCT_BUNDLE_IDENTIFIER = wilhelmoks.SwiftUIRant;
				PRODUCT_NAME = JoyRant;
				SDKROOT = auto;
				SUPPORTED_PLATFORMS = "iphoneos iphonesimulator macosx";
				SWIFT_EMIT_LOC_STRINGS = YES;
				SWIFT_VERSION = 5.0;
				TARGETED_DEVICE_FAMILY = "1,2";
			};
			name = Debug;
		};
		ED2C9B7328B679D0008BF314 /* Release */ = {
			isa = XCBuildConfiguration;
			buildSettings = {
				ASSETCATALOG_COMPILER_APPICON_NAME = AppIcon;
				ASSETCATALOG_COMPILER_GLOBAL_ACCENT_COLOR_NAME = AccentColor;
				CODE_SIGN_ENTITLEMENTS = SwiftUIRant/SwiftUIRant.entitlements;
				CODE_SIGN_STYLE = Automatic;
				CURRENT_PROJECT_VERSION = 7;
				DEVELOPMENT_ASSET_PATHS = "\"SwiftUIRant/Preview Content\"";
				DEVELOPMENT_TEAM = J8UL3VBQ4J;
				ENABLE_HARDENED_RUNTIME = YES;
				ENABLE_PREVIEWS = YES;
				GENERATE_INFOPLIST_FILE = YES;
				INFOPLIST_FILE = SwiftUIRant/Info.plist;
				INFOPLIST_KEY_CFBundleDisplayName = JoyRant;
				INFOPLIST_KEY_LSApplicationCategoryType = "public.app-category.social-networking";
				"INFOPLIST_KEY_UILaunchScreen_Generation[sdk=iphoneos*]" = YES;
				"INFOPLIST_KEY_UILaunchScreen_Generation[sdk=iphonesimulator*]" = YES;
				INFOPLIST_KEY_UISupportedInterfaceOrientations_iPad = "UIInterfaceOrientationPortrait UIInterfaceOrientationPortraitUpsideDown UIInterfaceOrientationLandscapeLeft UIInterfaceOrientationLandscapeRight";
				INFOPLIST_KEY_UISupportedInterfaceOrientations_iPhone = "UIInterfaceOrientationPortrait UIInterfaceOrientationLandscapeLeft UIInterfaceOrientationLandscapeRight";
				IPHONEOS_DEPLOYMENT_TARGET = 16.0;
				LD_RUNPATH_SEARCH_PATHS = "@executable_path/Frameworks";
				"LD_RUNPATH_SEARCH_PATHS[sdk=macosx*]" = "@executable_path/../Frameworks";
				MACOSX_DEPLOYMENT_TARGET = 13.0;
				MARKETING_VERSION = 1.0.1;
				PRODUCT_BUNDLE_IDENTIFIER = wilhelmoks.SwiftUIRant;
				PRODUCT_NAME = JoyRant;
				SDKROOT = auto;
				SUPPORTED_PLATFORMS = "iphoneos iphonesimulator macosx";
				SWIFT_EMIT_LOC_STRINGS = YES;
				SWIFT_VERSION = 5.0;
				TARGETED_DEVICE_FAMILY = "1,2";
			};
			name = Release;
		};
/* End XCBuildConfiguration section */

/* Begin XCConfigurationList section */
		ED2C9B5D28B679CB008BF314 /* Build configuration list for PBXProject "SwiftUIRant" */ = {
			isa = XCConfigurationList;
			buildConfigurations = (
				ED2C9B6F28B679D0008BF314 /* Debug */,
				ED2C9B7028B679D0008BF314 /* Release */,
			);
			defaultConfigurationIsVisible = 0;
			defaultConfigurationName = Release;
		};
		ED2C9B7128B679D0008BF314 /* Build configuration list for PBXNativeTarget "SwiftUIRant" */ = {
			isa = XCConfigurationList;
			buildConfigurations = (
				ED2C9B7228B679D0008BF314 /* Debug */,
				ED2C9B7328B679D0008BF314 /* Release */,
			);
			defaultConfigurationIsVisible = 0;
			defaultConfigurationName = Release;
		};
/* End XCConfigurationList section */

/* Begin XCRemoteSwiftPackageReference section */
		ED14DE5C28E08EBF005FCC9A /* XCRemoteSwiftPackageReference "swiftui-cached-async-image" */ = {
			isa = XCRemoteSwiftPackageReference;
			repositoryURL = "https://github.com/lorenzofiamingo/swiftui-cached-async-image";
			requirement = {
				kind = upToNextMajorVersion;
				minimumVersion = 2.0.0;
			};
		};
		ED2C9B7428B67BB7008BF314 /* XCRemoteSwiftPackageReference "SwiftRant" */ = {
			isa = XCRemoteSwiftPackageReference;
			repositoryURL = "https://github.com/OmerFlame/SwiftRant";
			requirement = {
				branch = main;
				kind = branch;
			};
		};
		ED97D62A28E9CC4B00CFC418 /* XCRemoteSwiftPackageReference "HexColor" */ = {
			isa = XCRemoteSwiftPackageReference;
			repositoryURL = "https://github.com/WilhelmOks/HexColor.git";
			requirement = {
				kind = upToNextMajorVersion;
				minimumVersion = 1.0.0;
			};
		};
/* End XCRemoteSwiftPackageReference section */

/* Begin XCSwiftPackageProductDependency section */
		ED14DE5D28E08EBF005FCC9A /* CachedAsyncImage */ = {
			isa = XCSwiftPackageProductDependency;
			package = ED14DE5C28E08EBF005FCC9A /* XCRemoteSwiftPackageReference "swiftui-cached-async-image" */;
			productName = CachedAsyncImage;
		};
		ED2C9B7528B67BB7008BF314 /* SwiftRant */ = {
			isa = XCSwiftPackageProductDependency;
			package = ED2C9B7428B67BB7008BF314 /* XCRemoteSwiftPackageReference "SwiftRant" */;
			productName = SwiftRant;
		};
		ED97D62B28E9CC4B00CFC418 /* HexUIColor */ = {
			isa = XCSwiftPackageProductDependency;
			package = ED97D62A28E9CC4B00CFC418 /* XCRemoteSwiftPackageReference "HexColor" */;
			productName = HexUIColor;
		};
		ED97D63028EB22C100CFC418 /* HexNSColor */ = {
			isa = XCSwiftPackageProductDependency;
			package = ED97D62A28E9CC4B00CFC418 /* XCRemoteSwiftPackageReference "HexColor" */;
			productName = HexNSColor;
		};
/* End XCSwiftPackageProductDependency section */
	};
	rootObject = ED2C9B5A28B679CB008BF314 /* Project object */;
}
